
Microsoft Visual Studio Solution File, Format Version 12.00
# Visual Studio Version 17
VisualStudioVersion = 17.0.31912.275
MinimumVisualStudioVersion = 10.0.40219.1
Project("{2150E333-8FDC-42A3-9474-1A3956D46DE8}") = "src", "src", "{2B2057F1-C69A-4E1D-989B-4525476C75BC}"
EndProject
Project("{2150E333-8FDC-42A3-9474-1A3956D46DE8}") = "test", "test", "{35C37D9C-724D-4E83-868A-8FEA22030349}"
EndProject
Project("{9A19103F-16F7-4668-BE54-9A1E7A4F7556}") = "Application", "src\Application\Application.csproj", "{EBF48B39-C520-4E2F-BB26-4E2AE97413D8}"
EndProject
Project("{9A19103F-16F7-4668-BE54-9A1E7A4F7556}") = "Contract", "src\Contract\Contract.csproj", "{F2E35B3C-479B-400C-9843-62C09CFB8F63}"
EndProject
Project("{9A19103F-16F7-4668-BE54-9A1E7A4F7556}") = "Domain", "src\Domain\Domain.csproj", "{73BB940C-A011-42B3-8028-251ECDC2C99F}"
EndProject
Project("{9A19103F-16F7-4668-BE54-9A1E7A4F7556}") = "Persistence.EFCore", "src\Persistence\EFCore\Persistence.EFCore.csproj", "{171E11A3-D7E8-4AC7-B6E9-57ABE3824D03}"
EndProject
Project("{9A19103F-16F7-4668-BE54-9A1E7A4F7556}") = "Presentation.WebAPI", "src\Presentation\WebAPI\Presentation.WebAPI.csproj", "{2D6B3335-3724-4B85-8BB3-E872644D5A0F}"
EndProject
Project("{9A19103F-16F7-4668-BE54-9A1E7A4F7556}") = "Presentation.Configuration", "src\Presentation\Configuration\Presentation.Configuration.csproj", "{D1954CB7-7306-40E7-AFBD-F3297FAC9A75}"
EndProject
Project("{9A19103F-16F7-4668-BE54-9A1E7A4F7556}") = "Presentation.WebMVCApp", "src\Presentation\WebMVCApp\Presentation.WebMVCApp.csproj", "{D5C78028-B717-4D5A-A918-B9ADA93DA22C}"
EndProject
Project("{9A19103F-16F7-4668-BE54-9A1E7A4F7556}") = "AcceptanceTest", "test\AcceptanceTest\AcceptanceTest.csproj", "{029AF62E-25EB-43B6-BB5F-1260D8D67C3D}"
EndProject
Project("{2150E333-8FDC-42A3-9474-1A3956D46DE8}") = "xswift-framework", "xswift-framework", "{BCC861E5-A628-4E62-A5FD-ACDF0FB5510A}"
EndProject
Project("{9A19103F-16F7-4668-BE54-9A1E7A4F7556}") = "XSwift", "..\..\..\xswift-framework\xswift\src\XSwift.csproj", "{E67BC696-EDE4-4185-BE74-A6FA4C288198}"
EndProject
Project("{9A19103F-16F7-4668-BE54-9A1E7A4F7556}") = "FluentAssertions.Xswift", "..\..\..\xswift-framework\fluentAssertions-xswift\src\FluentAssertions.Xswift.csproj", "{33119990-8790-4163-A80C-7DD88F9ABF62}"
EndProject
Project("{9A19103F-16F7-4668-BE54-9A1E7A4F7556}") = "Xswift.EntityFrameworkCore", "..\..\..\xswift-framework\xswift-entityframeworkcore\src\Xswift.EntityFrameworkCore.csproj", "{9B0CAF76-2D15-4F50-9370-36ADC46ED4C8}"
EndProject
Project("{9A19103F-16F7-4668-BE54-9A1E7A4F7556}") = "Xswift.MassTransit", "..\..\..\xswift-framework\xswift-masstransit\src\Xswift.MassTransit.csproj", "{62C1198A-AD9C-43F6-81CF-1D23B98B0BC0}"
EndProject
Project("{9A19103F-16F7-4668-BE54-9A1E7A4F7556}") = "Xswift.MongoDB", "..\..\..\xswift-framework\xswift-mongodb\src\Xswift.MongoDB.csproj", "{D46E0164-2DFF-4D9E-97BC-791871694001}"
EndProject
Project("{2150E333-8FDC-42A3-9474-1A3956D46DE8}") = "Xswift.MongoDB.Test", "Xswift.MongoDB.Test", "{3AE18834-39B3-449C-9D28-47DA237BA3F3}"
EndProject
Project("{9A19103F-16F7-4668-BE54-9A1E7A4F7556}") = "XSwift.Test", "..\..\..\xswift-framework\xswift\test\XSwift.Test.csproj", "{45C81656-68DC-4614-A3CD-DC4A15965A93}"
EndProject
Project("{9A19103F-16F7-4668-BE54-9A1E7A4F7556}") = "FluentAssertions.Xswift.Test", "..\..\..\xswift-framework\fluentAssertions-xswift\test\FluentAssertions.Xswift.Test.csproj", "{9CC6C0FE-A7B0-4ED1-A0FD-3BF6FC8F9F3C}"
EndProject
Project("{9A19103F-16F7-4668-BE54-9A1E7A4F7556}") = "Xswift.EntityFrameworkCore.Test", "..\..\..\xswift-framework\xswift-entityframeworkcore\test\Xswift.EntityFrameworkCore.Test.csproj", "{BD93BBEA-C156-4F60-9E9F-21964F6C895F}"
EndProject
Project("{9A19103F-16F7-4668-BE54-9A1E7A4F7556}") = "Xswift.MassTransit.Test", "..\..\..\xswift-framework\xswift-masstransit\test\Xswift.MassTransit.Test.csproj", "{00F7DD3E-5EED-4C44-91DD-7AE7C1831A20}"
EndProject
Project("{9A19103F-16F7-4668-BE54-9A1E7A4F7556}") = "Xswift.MongoDB.Test", "..\..\..\xswift-framework\xswift-mongodb\test\Xswift.MongoDB.Test.csproj", "{573938FF-AACC-4374-8869-E0776CAF2DD9}"
EndProject
Project("{2150E333-8FDC-42A3-9474-1A3956D46DE8}") = "XSwift", "XSwift", "{70463F7A-E15F-4BD0-B03C-6A60020A2FE8}"
EndProject
Project("{2150E333-8FDC-42A3-9474-1A3956D46DE8}") = "FluentAssertions.Xswift", "FluentAssertions.Xswift", "{4CEBC511-7094-4EA3-95AA-DD9BAF4F7402}"
EndProject
Project("{2150E333-8FDC-42A3-9474-1A3956D46DE8}") = "Xswift.MassTransit", "Xswift.MassTransit", "{44CD2614-BBAA-4782-94EB-ECFFE6909113}"
EndProject
Project("{2150E333-8FDC-42A3-9474-1A3956D46DE8}") = "Xswift.EntityFrameworkCore", "Xswift.EntityFrameworkCore", "{DD273985-AED6-4D9D-BB6F-0B815CD6FD71}"
EndProject
Project("{2150E333-8FDC-42A3-9474-1A3956D46DE8}") = "xswift-oauth", "xswift-oauth", "{6643886C-92E2-4DEC-AF33-BC13CDC2E6C0}"
EndProject
Project("{9A19103F-16F7-4668-BE54-9A1E7A4F7556}") = "Xswift.OAuth", "..\..\..\xswift-framework\xswift-oauth\src\Xswift.OAuth.csproj", "{45C4FAED-68B7-400F-8DED-7F0D08D049A0}"
EndProject
Project("{9A19103F-16F7-4668-BE54-9A1E7A4F7556}") = "Xswift.OAuth.Test", "..\..\..\xswift-framework\xswift-oauth\test\Xswift.OAuth.Test.csproj", "{2325211D-BD23-4A95-8274-4F1ED05A31EE}"
EndProject
Global
	GlobalSection(SolutionConfigurationPlatforms) = preSolution
		Debug|Any CPU = Debug|Any CPU
		Debug|ARM32 = Debug|ARM32
		Release|Any CPU = Release|Any CPU
		Release|ARM32 = Release|ARM32
	EndGlobalSection
	GlobalSection(ProjectConfigurationPlatforms) = postSolution
		{EBF48B39-C520-4E2F-BB26-4E2AE97413D8}.Debug|Any CPU.ActiveCfg = Debug|Any CPU
		{EBF48B39-C520-4E2F-BB26-4E2AE97413D8}.Debug|Any CPU.Build.0 = Debug|Any CPU
		{EBF48B39-C520-4E2F-BB26-4E2AE97413D8}.Debug|ARM32.ActiveCfg = Debug|Any CPU
		{EBF48B39-C520-4E2F-BB26-4E2AE97413D8}.Debug|ARM32.Build.0 = Debug|Any CPU
		{EBF48B39-C520-4E2F-BB26-4E2AE97413D8}.Release|Any CPU.ActiveCfg = Release|Any CPU
		{EBF48B39-C520-4E2F-BB26-4E2AE97413D8}.Release|Any CPU.Build.0 = Release|Any CPU
		{EBF48B39-C520-4E2F-BB26-4E2AE97413D8}.Release|ARM32.ActiveCfg = Release|Any CPU
		{EBF48B39-C520-4E2F-BB26-4E2AE97413D8}.Release|ARM32.Build.0 = Release|Any CPU
		{F2E35B3C-479B-400C-9843-62C09CFB8F63}.Debug|Any CPU.ActiveCfg = Debug|Any CPU
		{F2E35B3C-479B-400C-9843-62C09CFB8F63}.Debug|Any CPU.Build.0 = Debug|Any CPU
		{F2E35B3C-479B-400C-9843-62C09CFB8F63}.Debug|ARM32.ActiveCfg = Debug|Any CPU
		{F2E35B3C-479B-400C-9843-62C09CFB8F63}.Debug|ARM32.Build.0 = Debug|Any CPU
		{F2E35B3C-479B-400C-9843-62C09CFB8F63}.Release|Any CPU.ActiveCfg = Release|Any CPU
		{F2E35B3C-479B-400C-9843-62C09CFB8F63}.Release|Any CPU.Build.0 = Release|Any CPU
		{F2E35B3C-479B-400C-9843-62C09CFB8F63}.Release|ARM32.ActiveCfg = Release|Any CPU
		{F2E35B3C-479B-400C-9843-62C09CFB8F63}.Release|ARM32.Build.0 = Release|Any CPU
		{73BB940C-A011-42B3-8028-251ECDC2C99F}.Debug|Any CPU.ActiveCfg = Debug|Any CPU
		{73BB940C-A011-42B3-8028-251ECDC2C99F}.Debug|Any CPU.Build.0 = Debug|Any CPU
		{73BB940C-A011-42B3-8028-251ECDC2C99F}.Debug|ARM32.ActiveCfg = Debug|Any CPU
		{73BB940C-A011-42B3-8028-251ECDC2C99F}.Debug|ARM32.Build.0 = Debug|Any CPU
		{73BB940C-A011-42B3-8028-251ECDC2C99F}.Release|Any CPU.ActiveCfg = Release|Any CPU
		{73BB940C-A011-42B3-8028-251ECDC2C99F}.Release|Any CPU.Build.0 = Release|Any CPU
		{73BB940C-A011-42B3-8028-251ECDC2C99F}.Release|ARM32.ActiveCfg = Release|Any CPU
		{73BB940C-A011-42B3-8028-251ECDC2C99F}.Release|ARM32.Build.0 = Release|Any CPU
		{171E11A3-D7E8-4AC7-B6E9-57ABE3824D03}.Debug|Any CPU.ActiveCfg = Debug|Any CPU
		{171E11A3-D7E8-4AC7-B6E9-57ABE3824D03}.Debug|Any CPU.Build.0 = Debug|Any CPU
		{171E11A3-D7E8-4AC7-B6E9-57ABE3824D03}.Debug|ARM32.ActiveCfg = Debug|Any CPU
		{171E11A3-D7E8-4AC7-B6E9-57ABE3824D03}.Debug|ARM32.Build.0 = Debug|Any CPU
		{171E11A3-D7E8-4AC7-B6E9-57ABE3824D03}.Release|Any CPU.ActiveCfg = Release|Any CPU
		{171E11A3-D7E8-4AC7-B6E9-57ABE3824D03}.Release|Any CPU.Build.0 = Release|Any CPU
		{171E11A3-D7E8-4AC7-B6E9-57ABE3824D03}.Release|ARM32.ActiveCfg = Release|Any CPU
		{171E11A3-D7E8-4AC7-B6E9-57ABE3824D03}.Release|ARM32.Build.0 = Release|Any CPU
		{2D6B3335-3724-4B85-8BB3-E872644D5A0F}.Debug|Any CPU.ActiveCfg = Debug|Any CPU
		{2D6B3335-3724-4B85-8BB3-E872644D5A0F}.Debug|Any CPU.Build.0 = Debug|Any CPU
		{2D6B3335-3724-4B85-8BB3-E872644D5A0F}.Debug|ARM32.ActiveCfg = Debug|Any CPU
		{2D6B3335-3724-4B85-8BB3-E872644D5A0F}.Debug|ARM32.Build.0 = Debug|Any CPU
		{2D6B3335-3724-4B85-8BB3-E872644D5A0F}.Release|Any CPU.ActiveCfg = Release|Any CPU
		{2D6B3335-3724-4B85-8BB3-E872644D5A0F}.Release|Any CPU.Build.0 = Release|Any CPU
		{2D6B3335-3724-4B85-8BB3-E872644D5A0F}.Release|ARM32.ActiveCfg = Release|Any CPU
		{2D6B3335-3724-4B85-8BB3-E872644D5A0F}.Release|ARM32.Build.0 = Release|Any CPU
		{D1954CB7-7306-40E7-AFBD-F3297FAC9A75}.Debug|Any CPU.ActiveCfg = Debug|Any CPU
		{D1954CB7-7306-40E7-AFBD-F3297FAC9A75}.Debug|Any CPU.Build.0 = Debug|Any CPU
		{D1954CB7-7306-40E7-AFBD-F3297FAC9A75}.Debug|ARM32.ActiveCfg = Debug|Any CPU
		{D1954CB7-7306-40E7-AFBD-F3297FAC9A75}.Debug|ARM32.Build.0 = Debug|Any CPU
		{D1954CB7-7306-40E7-AFBD-F3297FAC9A75}.Release|Any CPU.ActiveCfg = Release|Any CPU
		{D1954CB7-7306-40E7-AFBD-F3297FAC9A75}.Release|Any CPU.Build.0 = Release|Any CPU
		{D1954CB7-7306-40E7-AFBD-F3297FAC9A75}.Release|ARM32.ActiveCfg = Release|Any CPU
		{D1954CB7-7306-40E7-AFBD-F3297FAC9A75}.Release|ARM32.Build.0 = Release|Any CPU
		{D5C78028-B717-4D5A-A918-B9ADA93DA22C}.Debug|Any CPU.ActiveCfg = Debug|Any CPU
		{D5C78028-B717-4D5A-A918-B9ADA93DA22C}.Debug|Any CPU.Build.0 = Debug|Any CPU
		{D5C78028-B717-4D5A-A918-B9ADA93DA22C}.Debug|ARM32.ActiveCfg = Debug|Any CPU
		{D5C78028-B717-4D5A-A918-B9ADA93DA22C}.Debug|ARM32.Build.0 = Debug|Any CPU
		{D5C78028-B717-4D5A-A918-B9ADA93DA22C}.Release|Any CPU.ActiveCfg = Release|Any CPU
		{D5C78028-B717-4D5A-A918-B9ADA93DA22C}.Release|Any CPU.Build.0 = Release|Any CPU
		{D5C78028-B717-4D5A-A918-B9ADA93DA22C}.Release|ARM32.ActiveCfg = Release|Any CPU
		{D5C78028-B717-4D5A-A918-B9ADA93DA22C}.Release|ARM32.Build.0 = Release|Any CPU
		{029AF62E-25EB-43B6-BB5F-1260D8D67C3D}.Debug|Any CPU.ActiveCfg = Debug|Any CPU
		{029AF62E-25EB-43B6-BB5F-1260D8D67C3D}.Debug|Any CPU.Build.0 = Debug|Any CPU
		{029AF62E-25EB-43B6-BB5F-1260D8D67C3D}.Debug|ARM32.ActiveCfg = Debug|Any CPU
		{029AF62E-25EB-43B6-BB5F-1260D8D67C3D}.Debug|ARM32.Build.0 = Debug|Any CPU
		{029AF62E-25EB-43B6-BB5F-1260D8D67C3D}.Release|Any CPU.ActiveCfg = Release|Any CPU
		{029AF62E-25EB-43B6-BB5F-1260D8D67C3D}.Release|Any CPU.Build.0 = Release|Any CPU
		{029AF62E-25EB-43B6-BB5F-1260D8D67C3D}.Release|ARM32.ActiveCfg = Release|Any CPU
		{029AF62E-25EB-43B6-BB5F-1260D8D67C3D}.Release|ARM32.Build.0 = Release|Any CPU
		{E67BC696-EDE4-4185-BE74-A6FA4C288198}.Debug|Any CPU.ActiveCfg = Debug|Any CPU
		{E67BC696-EDE4-4185-BE74-A6FA4C288198}.Debug|Any CPU.Build.0 = Debug|Any CPU
		{E67BC696-EDE4-4185-BE74-A6FA4C288198}.Debug|ARM32.ActiveCfg = Debug|Any CPU
		{E67BC696-EDE4-4185-BE74-A6FA4C288198}.Debug|ARM32.Build.0 = Debug|Any CPU
		{E67BC696-EDE4-4185-BE74-A6FA4C288198}.Release|Any CPU.ActiveCfg = Release|Any CPU
		{E67BC696-EDE4-4185-BE74-A6FA4C288198}.Release|Any CPU.Build.0 = Release|Any CPU
		{E67BC696-EDE4-4185-BE74-A6FA4C288198}.Release|ARM32.ActiveCfg = Release|Any CPU
		{E67BC696-EDE4-4185-BE74-A6FA4C288198}.Release|ARM32.Build.0 = Release|Any CPU
		{33119990-8790-4163-A80C-7DD88F9ABF62}.Debug|Any CPU.ActiveCfg = Debug|Any CPU
		{33119990-8790-4163-A80C-7DD88F9ABF62}.Debug|Any CPU.Build.0 = Debug|Any CPU
		{33119990-8790-4163-A80C-7DD88F9ABF62}.Debug|ARM32.ActiveCfg = Debug|Any CPU
		{33119990-8790-4163-A80C-7DD88F9ABF62}.Debug|ARM32.Build.0 = Debug|Any CPU
		{33119990-8790-4163-A80C-7DD88F9ABF62}.Release|Any CPU.ActiveCfg = Release|Any CPU
		{33119990-8790-4163-A80C-7DD88F9ABF62}.Release|Any CPU.Build.0 = Release|Any CPU
		{33119990-8790-4163-A80C-7DD88F9ABF62}.Release|ARM32.ActiveCfg = Release|Any CPU
		{33119990-8790-4163-A80C-7DD88F9ABF62}.Release|ARM32.Build.0 = Release|Any CPU
		{9B0CAF76-2D15-4F50-9370-36ADC46ED4C8}.Debug|Any CPU.ActiveCfg = Debug|Any CPU
		{9B0CAF76-2D15-4F50-9370-36ADC46ED4C8}.Debug|Any CPU.Build.0 = Debug|Any CPU
		{9B0CAF76-2D15-4F50-9370-36ADC46ED4C8}.Debug|ARM32.ActiveCfg = Debug|Any CPU
		{9B0CAF76-2D15-4F50-9370-36ADC46ED4C8}.Debug|ARM32.Build.0 = Debug|Any CPU
		{9B0CAF76-2D15-4F50-9370-36ADC46ED4C8}.Release|Any CPU.ActiveCfg = Release|Any CPU
		{9B0CAF76-2D15-4F50-9370-36ADC46ED4C8}.Release|Any CPU.Build.0 = Release|Any CPU
		{9B0CAF76-2D15-4F50-9370-36ADC46ED4C8}.Release|ARM32.ActiveCfg = Release|Any CPU
		{9B0CAF76-2D15-4F50-9370-36ADC46ED4C8}.Release|ARM32.Build.0 = Release|Any CPU
		{62C1198A-AD9C-43F6-81CF-1D23B98B0BC0}.Debug|Any CPU.ActiveCfg = Debug|Any CPU
		{62C1198A-AD9C-43F6-81CF-1D23B98B0BC0}.Debug|Any CPU.Build.0 = Debug|Any CPU
		{62C1198A-AD9C-43F6-81CF-1D23B98B0BC0}.Debug|ARM32.ActiveCfg = Debug|Any CPU
		{62C1198A-AD9C-43F6-81CF-1D23B98B0BC0}.Debug|ARM32.Build.0 = Debug|Any CPU
		{62C1198A-AD9C-43F6-81CF-1D23B98B0BC0}.Release|Any CPU.ActiveCfg = Release|Any CPU
		{62C1198A-AD9C-43F6-81CF-1D23B98B0BC0}.Release|Any CPU.Build.0 = Release|Any CPU
		{62C1198A-AD9C-43F6-81CF-1D23B98B0BC0}.Release|ARM32.ActiveCfg = Release|Any CPU
		{62C1198A-AD9C-43F6-81CF-1D23B98B0BC0}.Release|ARM32.Build.0 = Release|Any CPU
		{D46E0164-2DFF-4D9E-97BC-791871694001}.Debug|Any CPU.ActiveCfg = Debug|Any CPU
		{D46E0164-2DFF-4D9E-97BC-791871694001}.Debug|Any CPU.Build.0 = Debug|Any CPU
		{D46E0164-2DFF-4D9E-97BC-791871694001}.Debug|ARM32.ActiveCfg = Debug|Any CPU
		{D46E0164-2DFF-4D9E-97BC-791871694001}.Debug|ARM32.Build.0 = Debug|Any CPU
		{D46E0164-2DFF-4D9E-97BC-791871694001}.Release|Any CPU.ActiveCfg = Release|Any CPU
		{D46E0164-2DFF-4D9E-97BC-791871694001}.Release|Any CPU.Build.0 = Release|Any CPU
		{D46E0164-2DFF-4D9E-97BC-791871694001}.Release|ARM32.ActiveCfg = Release|Any CPU
		{D46E0164-2DFF-4D9E-97BC-791871694001}.Release|ARM32.Build.0 = Release|Any CPU
		{45C81656-68DC-4614-A3CD-DC4A15965A93}.Debug|Any CPU.ActiveCfg = Debug|Any CPU
		{45C81656-68DC-4614-A3CD-DC4A15965A93}.Debug|Any CPU.Build.0 = Debug|Any CPU
		{45C81656-68DC-4614-A3CD-DC4A15965A93}.Debug|ARM32.ActiveCfg = Debug|Any CPU
		{45C81656-68DC-4614-A3CD-DC4A15965A93}.Debug|ARM32.Build.0 = Debug|Any CPU
		{45C81656-68DC-4614-A3CD-DC4A15965A93}.Release|Any CPU.ActiveCfg = Release|Any CPU
		{45C81656-68DC-4614-A3CD-DC4A15965A93}.Release|Any CPU.Build.0 = Release|Any CPU
		{45C81656-68DC-4614-A3CD-DC4A15965A93}.Release|ARM32.ActiveCfg = Release|Any CPU
		{45C81656-68DC-4614-A3CD-DC4A15965A93}.Release|ARM32.Build.0 = Release|Any CPU
		{9CC6C0FE-A7B0-4ED1-A0FD-3BF6FC8F9F3C}.Debug|Any CPU.ActiveCfg = Debug|Any CPU
		{9CC6C0FE-A7B0-4ED1-A0FD-3BF6FC8F9F3C}.Debug|Any CPU.Build.0 = Debug|Any CPU
		{9CC6C0FE-A7B0-4ED1-A0FD-3BF6FC8F9F3C}.Debug|ARM32.ActiveCfg = Debug|Any CPU
		{9CC6C0FE-A7B0-4ED1-A0FD-3BF6FC8F9F3C}.Debug|ARM32.Build.0 = Debug|Any CPU
		{9CC6C0FE-A7B0-4ED1-A0FD-3BF6FC8F9F3C}.Release|Any CPU.ActiveCfg = Release|Any CPU
		{9CC6C0FE-A7B0-4ED1-A0FD-3BF6FC8F9F3C}.Release|Any CPU.Build.0 = Release|Any CPU
		{9CC6C0FE-A7B0-4ED1-A0FD-3BF6FC8F9F3C}.Release|ARM32.ActiveCfg = Release|Any CPU
		{9CC6C0FE-A7B0-4ED1-A0FD-3BF6FC8F9F3C}.Release|ARM32.Build.0 = Release|Any CPU
		{BD93BBEA-C156-4F60-9E9F-21964F6C895F}.Debug|Any CPU.ActiveCfg = Debug|Any CPU
		{BD93BBEA-C156-4F60-9E9F-21964F6C895F}.Debug|Any CPU.Build.0 = Debug|Any CPU
		{BD93BBEA-C156-4F60-9E9F-21964F6C895F}.Debug|ARM32.ActiveCfg = Debug|Any CPU
		{BD93BBEA-C156-4F60-9E9F-21964F6C895F}.Debug|ARM32.Build.0 = Debug|Any CPU
		{BD93BBEA-C156-4F60-9E9F-21964F6C895F}.Release|Any CPU.ActiveCfg = Release|Any CPU
		{BD93BBEA-C156-4F60-9E9F-21964F6C895F}.Release|Any CPU.Build.0 = Release|Any CPU
		{BD93BBEA-C156-4F60-9E9F-21964F6C895F}.Release|ARM32.ActiveCfg = Release|Any CPU
		{BD93BBEA-C156-4F60-9E9F-21964F6C895F}.Release|ARM32.Build.0 = Release|Any CPU
		{00F7DD3E-5EED-4C44-91DD-7AE7C1831A20}.Debug|Any CPU.ActiveCfg = Debug|Any CPU
		{00F7DD3E-5EED-4C44-91DD-7AE7C1831A20}.Debug|Any CPU.Build.0 = Debug|Any CPU
		{00F7DD3E-5EED-4C44-91DD-7AE7C1831A20}.Debug|ARM32.ActiveCfg = Debug|Any CPU
		{00F7DD3E-5EED-4C44-91DD-7AE7C1831A20}.Debug|ARM32.Build.0 = Debug|Any CPU
		{00F7DD3E-5EED-4C44-91DD-7AE7C1831A20}.Release|Any CPU.ActiveCfg = Release|Any CPU
		{00F7DD3E-5EED-4C44-91DD-7AE7C1831A20}.Release|Any CPU.Build.0 = Release|Any CPU
		{00F7DD3E-5EED-4C44-91DD-7AE7C1831A20}.Release|ARM32.ActiveCfg = Release|Any CPU
		{00F7DD3E-5EED-4C44-91DD-7AE7C1831A20}.Release|ARM32.Build.0 = Release|Any CPU
		{573938FF-AACC-4374-8869-E0776CAF2DD9}.Debug|Any CPU.ActiveCfg = Debug|Any CPU
		{573938FF-AACC-4374-8869-E0776CAF2DD9}.Debug|Any CPU.Build.0 = Debug|Any CPU
		{573938FF-AACC-4374-8869-E0776CAF2DD9}.Debug|ARM32.ActiveCfg = Debug|Any CPU
		{573938FF-AACC-4374-8869-E0776CAF2DD9}.Debug|ARM32.Build.0 = Debug|Any CPU
		{573938FF-AACC-4374-8869-E0776CAF2DD9}.Release|Any CPU.ActiveCfg = Release|Any CPU
		{573938FF-AACC-4374-8869-E0776CAF2DD9}.Release|Any CPU.Build.0 = Release|Any CPU
		{573938FF-AACC-4374-8869-E0776CAF2DD9}.Release|ARM32.ActiveCfg = Release|Any CPU
		{573938FF-AACC-4374-8869-E0776CAF2DD9}.Release|ARM32.Build.0 = Release|Any CPU
		{45C4FAED-68B7-400F-8DED-7F0D08D049A0}.Debug|Any CPU.ActiveCfg = Debug|Any CPU
		{45C4FAED-68B7-400F-8DED-7F0D08D049A0}.Debug|Any CPU.Build.0 = Debug|Any CPU
		{45C4FAED-68B7-400F-8DED-7F0D08D049A0}.Debug|ARM32.ActiveCfg = Debug|Any CPU
		{45C4FAED-68B7-400F-8DED-7F0D08D049A0}.Debug|ARM32.Build.0 = Debug|Any CPU
		{45C4FAED-68B7-400F-8DED-7F0D08D049A0}.Release|Any CPU.ActiveCfg = Release|Any CPU
		{45C4FAED-68B7-400F-8DED-7F0D08D049A0}.Release|Any CPU.Build.0 = Release|Any CPU
		{45C4FAED-68B7-400F-8DED-7F0D08D049A0}.Release|ARM32.ActiveCfg = Release|Any CPU
		{45C4FAED-68B7-400F-8DED-7F0D08D049A0}.Release|ARM32.Build.0 = Release|Any CPU
		{2325211D-BD23-4A95-8274-4F1ED05A31EE}.Debug|Any CPU.ActiveCfg = Debug|Any CPU
		{2325211D-BD23-4A95-8274-4F1ED05A31EE}.Debug|Any CPU.Build.0 = Debug|Any CPU
		{2325211D-BD23-4A95-8274-4F1ED05A31EE}.Debug|ARM32.ActiveCfg = Debug|Any CPU
		{2325211D-BD23-4A95-8274-4F1ED05A31EE}.Debug|ARM32.Build.0 = Debug|Any CPU
		{2325211D-BD23-4A95-8274-4F1ED05A31EE}.Release|Any CPU.ActiveCfg = Release|Any CPU
		{2325211D-BD23-4A95-8274-4F1ED05A31EE}.Release|Any CPU.Build.0 = Release|Any CPU
		{2325211D-BD23-4A95-8274-4F1ED05A31EE}.Release|ARM32.ActiveCfg = Release|Any CPU
		{2325211D-BD23-4A95-8274-4F1ED05A31EE}.Release|ARM32.Build.0 = Release|Any CPU
	EndGlobalSection
	GlobalSection(SolutionProperties) = preSolution
		HideSolutionNode = FALSE
	EndGlobalSection
	GlobalSection(NestedProjects) = preSolution
		{EBF48B39-C520-4E2F-BB26-4E2AE97413D8} = {2B2057F1-C69A-4E1D-989B-4525476C75BC}
		{F2E35B3C-479B-400C-9843-62C09CFB8F63} = {2B2057F1-C69A-4E1D-989B-4525476C75BC}
		{73BB940C-A011-42B3-8028-251ECDC2C99F} = {2B2057F1-C69A-4E1D-989B-4525476C75BC}
		{171E11A3-D7E8-4AC7-B6E9-57ABE3824D03} = {2B2057F1-C69A-4E1D-989B-4525476C75BC}
		{2D6B3335-3724-4B85-8BB3-E872644D5A0F} = {2B2057F1-C69A-4E1D-989B-4525476C75BC}
		{D1954CB7-7306-40E7-AFBD-F3297FAC9A75} = {2B2057F1-C69A-4E1D-989B-4525476C75BC}
		{D5C78028-B717-4D5A-A918-B9ADA93DA22C} = {2B2057F1-C69A-4E1D-989B-4525476C75BC}
		{029AF62E-25EB-43B6-BB5F-1260D8D67C3D} = {35C37D9C-724D-4E83-868A-8FEA22030349}
		{E67BC696-EDE4-4185-BE74-A6FA4C288198} = {70463F7A-E15F-4BD0-B03C-6A60020A2FE8}
		{33119990-8790-4163-A80C-7DD88F9ABF62} = {4CEBC511-7094-4EA3-95AA-DD9BAF4F7402}
		{9B0CAF76-2D15-4F50-9370-36ADC46ED4C8} = {DD273985-AED6-4D9D-BB6F-0B815CD6FD71}
		{62C1198A-AD9C-43F6-81CF-1D23B98B0BC0} = {44CD2614-BBAA-4782-94EB-ECFFE6909113}
		{D46E0164-2DFF-4D9E-97BC-791871694001} = {3AE18834-39B3-449C-9D28-47DA237BA3F3}
		{3AE18834-39B3-449C-9D28-47DA237BA3F3} = {BCC861E5-A628-4E62-A5FD-ACDF0FB5510A}
		{45C81656-68DC-4614-A3CD-DC4A15965A93} = {70463F7A-E15F-4BD0-B03C-6A60020A2FE8}
		{9CC6C0FE-A7B0-4ED1-A0FD-3BF6FC8F9F3C} = {4CEBC511-7094-4EA3-95AA-DD9BAF4F7402}
		{BD93BBEA-C156-4F60-9E9F-21964F6C895F} = {DD273985-AED6-4D9D-BB6F-0B815CD6FD71}
		{00F7DD3E-5EED-4C44-91DD-7AE7C1831A20} = {44CD2614-BBAA-4782-94EB-ECFFE6909113}
		{573938FF-AACC-4374-8869-E0776CAF2DD9} = {3AE18834-39B3-449C-9D28-47DA237BA3F3}
		{70463F7A-E15F-4BD0-B03C-6A60020A2FE8} = {BCC861E5-A628-4E62-A5FD-ACDF0FB5510A}
		{4CEBC511-7094-4EA3-95AA-DD9BAF4F7402} = {BCC861E5-A628-4E62-A5FD-ACDF0FB5510A}
		{44CD2614-BBAA-4782-94EB-ECFFE6909113} = {BCC861E5-A628-4E62-A5FD-ACDF0FB5510A}
		{DD273985-AED6-4D9D-BB6F-0B815CD6FD71} = {BCC861E5-A628-4E62-A5FD-ACDF0FB5510A}
		{6643886C-92E2-4DEC-AF33-BC13CDC2E6C0} = {BCC861E5-A628-4E62-A5FD-ACDF0FB5510A}
		{45C4FAED-68B7-400F-8DED-7F0D08D049A0} = {6643886C-92E2-4DEC-AF33-BC13CDC2E6C0}
		{2325211D-BD23-4A95-8274-4F1ED05A31EE} = {6643886C-92E2-4DEC-AF33-BC13CDC2E6C0}
	EndGlobalSection
	GlobalSection(ExtensibilityGlobals) = postSolution
		SolutionGuid = {17274BF8-2414-432B-8CB2-641D15C801CA}
	EndGlobalSection
EndGlobal
