
Microsoft Visual Studio Solution File, Format Version 12.00
# Visual Studio Version 17
VisualStudioVersion = 17.0.31912.275
MinimumVisualStudioVersion = 10.0.40219.1
Project("{2150E333-8FDC-42A3-9474-1A3956D46DE8}") = "src", "src", "{2B2057F1-C69A-4E1D-989B-4525476C75BC}"
EndProject
Project("{2150E333-8FDC-42A3-9474-1A3956D46DE8}") = "test", "test", "{35C37D9C-724D-4E83-868A-8FEA22030349}"
EndProject
Project("{9A19103F-16F7-4668-BE54-9A1E7A4F7556}") = "Application", "src\Application\Application.csproj", "{EBF48B39-C520-4E2F-BB26-4E2AE97413D8}"
EndProject
Project("{9A19103F-16F7-4668-BE54-9A1E7A4F7556}") = "Contract", "src\Contract\Contract.csproj", "{F2E35B3C-479B-400C-9843-62C09CFB8F63}"
EndProject
Project("{9A19103F-16F7-4668-BE54-9A1E7A4F7556}") = "Domain", "src\Domain\Domain.csproj", "{73BB940C-A011-42B3-8028-251ECDC2C99F}"
EndProject
Project("{9A19103F-16F7-4668-BE54-9A1E7A4F7556}") = "Persistence.EFCore", "src\Persistence\EFCore\Persistence.EFCore.csproj", "{171E11A3-D7E8-4AC7-B6E9-57ABE3824D03}"
EndProject
Project("{9A19103F-16F7-4668-BE54-9A1E7A4F7556}") = "Presentation.WebAPI", "src\Presentation\WebAPI\Presentation.WebAPI.csproj", "{2D6B3335-3724-4B85-8BB3-E872644D5A0F}"
EndProject
Project("{9A19103F-16F7-4668-BE54-9A1E7A4F7556}") = "Presentation.Configuration", "src\Presentation\Configuration\Presentation.Configuration.csproj", "{D1954CB7-7306-40E7-AFBD-F3297FAC9A75}"
EndProject
Project("{9A19103F-16F7-4668-BE54-9A1E7A4F7556}") = "Presentation.WebMVCApp", "src\Presentation\WebMVCApp\Presentation.WebMVCApp.csproj", "{D5C78028-B717-4D5A-A918-B9ADA93DA22C}"
EndProject
Project("{9A19103F-16F7-4668-BE54-9A1E7A4F7556}") = "AcceptanceTest", "test\AcceptanceTest\AcceptanceTest.csproj", "{029AF62E-25EB-43B6-BB5F-1260D8D67C3D}"
EndProject
Project("{2150E333-8FDC-42A3-9474-1A3956D46DE8}") = "xswift-framework", "xswift-framework", "{BCC861E5-A628-4E62-A5FD-ACDF0FB5510A}"
EndProject
Project("{9A19103F-16F7-4668-BE54-9A1E7A4F7556}") = "XSwift", "..\..\..\xswift-framework\xswift\XSwift.csproj", "{1B7F3482-D28A-4186-A91D-59A4895038A8}"
EndProject
Project("{9A19103F-16F7-4668-BE54-9A1E7A4F7556}") = "Xswift.EntityFrameworkCore", "..\..\..\xswift-framework\xswift-entityframeworkcore\Xswift.EntityFrameworkCore.csproj", "{F7AE53AC-565F-4AEE-9CDC-2EA516BCADDF}"
EndProject
Project("{9A19103F-16F7-4668-BE54-9A1E7A4F7556}") = "Xswift.MassTransit", "..\..\..\xswift-framework\xswift-masstransit\Xswift.MassTransit.csproj", "{4A6BB14A-7751-4095-B493-B23F0440E3E9}"
EndProject
Project("{9A19103F-16F7-4668-BE54-9A1E7A4F7556}") = "FluentAssertions.Xswift", "..\..\..\xswift-framework\fluentAssertions-xswift\FluentAssertions.Xswift.csproj", "{B3AA7876-0166-4AF4-9BA0-21BB04B668DA}"
EndProject
Project("{9A19103F-16F7-4668-BE54-9A1E7A4F7556}") = "Xswift.MongoDB", "..\..\..\xswift-framework\xswift-mongodb\Xswift.MongoDB.csproj", "{A0E29F76-CEC0-4791-A2EB-38F4C0CAE113}"
EndProject
Project("{9A19103F-16F7-4668-BE54-9A1E7A4F7556}") = "Persistence.MongoDb", "src\Persistence\MongoDb\Persistence.MongoDb.csproj", "{2264678A-DDCB-4985-92CD-4C37F69BB679}"
EndProject
Global
	GlobalSection(SolutionConfigurationPlatforms) = preSolution
		Debug|Any CPU = Debug|Any CPU
		Debug|ARM32 = Debug|ARM32
		Release|Any CPU = Release|Any CPU
		Release|ARM32 = Release|ARM32
	EndGlobalSection
	GlobalSection(ProjectConfigurationPlatforms) = postSolution
		{EBF48B39-C520-4E2F-BB26-4E2AE97413D8}.Debug|Any CPU.ActiveCfg = Debug|Any CPU
		{EBF48B39-C520-4E2F-BB26-4E2AE97413D8}.Debug|Any CPU.Build.0 = Debug|Any CPU
		{EBF48B39-C520-4E2F-BB26-4E2AE97413D8}.Debug|ARM32.ActiveCfg = Debug|Any CPU
		{EBF48B39-C520-4E2F-BB26-4E2AE97413D8}.Debug|ARM32.Build.0 = Debug|Any CPU
		{EBF48B39-C520-4E2F-BB26-4E2AE97413D8}.Release|Any CPU.ActiveCfg = Release|Any CPU
		{EBF48B39-C520-4E2F-BB26-4E2AE97413D8}.Release|Any CPU.Build.0 = Release|Any CPU
		{EBF48B39-C520-4E2F-BB26-4E2AE97413D8}.Release|ARM32.ActiveCfg = Release|Any CPU
		{EBF48B39-C520-4E2F-BB26-4E2AE97413D8}.Release|ARM32.Build.0 = Release|Any CPU
		{F2E35B3C-479B-400C-9843-62C09CFB8F63}.Debug|Any CPU.ActiveCfg = Debug|Any CPU
		{F2E35B3C-479B-400C-9843-62C09CFB8F63}.Debug|Any CPU.Build.0 = Debug|Any CPU
		{F2E35B3C-479B-400C-9843-62C09CFB8F63}.Debug|ARM32.ActiveCfg = Debug|Any CPU
		{F2E35B3C-479B-400C-9843-62C09CFB8F63}.Debug|ARM32.Build.0 = Debug|Any CPU
		{F2E35B3C-479B-400C-9843-62C09CFB8F63}.Release|Any CPU.ActiveCfg = Release|Any CPU
		{F2E35B3C-479B-400C-9843-62C09CFB8F63}.Release|Any CPU.Build.0 = Release|Any CPU
		{F2E35B3C-479B-400C-9843-62C09CFB8F63}.Release|ARM32.ActiveCfg = Release|Any CPU
		{F2E35B3C-479B-400C-9843-62C09CFB8F63}.Release|ARM32.Build.0 = Release|Any CPU
		{73BB940C-A011-42B3-8028-251ECDC2C99F}.Debug|Any CPU.ActiveCfg = Debug|Any CPU
		{73BB940C-A011-42B3-8028-251ECDC2C99F}.Debug|Any CPU.Build.0 = Debug|Any CPU
		{73BB940C-A011-42B3-8028-251ECDC2C99F}.Debug|ARM32.ActiveCfg = Debug|Any CPU
		{73BB940C-A011-42B3-8028-251ECDC2C99F}.Debug|ARM32.Build.0 = Debug|Any CPU
		{73BB940C-A011-42B3-8028-251ECDC2C99F}.Release|Any CPU.ActiveCfg = Release|Any CPU
		{73BB940C-A011-42B3-8028-251ECDC2C99F}.Release|Any CPU.Build.0 = Release|Any CPU
		{73BB940C-A011-42B3-8028-251ECDC2C99F}.Release|ARM32.ActiveCfg = Release|Any CPU
		{73BB940C-A011-42B3-8028-251ECDC2C99F}.Release|ARM32.Build.0 = Release|Any CPU
		{171E11A3-D7E8-4AC7-B6E9-57ABE3824D03}.Debug|Any CPU.ActiveCfg = Debug|Any CPU
		{171E11A3-D7E8-4AC7-B6E9-57ABE3824D03}.Debug|Any CPU.Build.0 = Debug|Any CPU
		{171E11A3-D7E8-4AC7-B6E9-57ABE3824D03}.Debug|ARM32.ActiveCfg = Debug|Any CPU
		{171E11A3-D7E8-4AC7-B6E9-57ABE3824D03}.Debug|ARM32.Build.0 = Debug|Any CPU
		{171E11A3-D7E8-4AC7-B6E9-57ABE3824D03}.Release|Any CPU.ActiveCfg = Release|Any CPU
		{171E11A3-D7E8-4AC7-B6E9-57ABE3824D03}.Release|Any CPU.Build.0 = Release|Any CPU
		{171E11A3-D7E8-4AC7-B6E9-57ABE3824D03}.Release|ARM32.ActiveCfg = Release|Any CPU
		{171E11A3-D7E8-4AC7-B6E9-57ABE3824D03}.Release|ARM32.Build.0 = Release|Any CPU
		{2D6B3335-3724-4B85-8BB3-E872644D5A0F}.Debug|Any CPU.ActiveCfg = Debug|Any CPU
		{2D6B3335-3724-4B85-8BB3-E872644D5A0F}.Debug|Any CPU.Build.0 = Debug|Any CPU
		{2D6B3335-3724-4B85-8BB3-E872644D5A0F}.Debug|ARM32.ActiveCfg = Debug|Any CPU
		{2D6B3335-3724-4B85-8BB3-E872644D5A0F}.Debug|ARM32.Build.0 = Debug|Any CPU
		{2D6B3335-3724-4B85-8BB3-E872644D5A0F}.Release|Any CPU.ActiveCfg = Release|Any CPU
		{2D6B3335-3724-4B85-8BB3-E872644D5A0F}.Release|Any CPU.Build.0 = Release|Any CPU
		{2D6B3335-3724-4B85-8BB3-E872644D5A0F}.Release|ARM32.ActiveCfg = Release|Any CPU
		{2D6B3335-3724-4B85-8BB3-E872644D5A0F}.Release|ARM32.Build.0 = Release|Any CPU
		{D1954CB7-7306-40E7-AFBD-F3297FAC9A75}.Debug|Any CPU.ActiveCfg = Debug|Any CPU
		{D1954CB7-7306-40E7-AFBD-F3297FAC9A75}.Debug|Any CPU.Build.0 = Debug|Any CPU
		{D1954CB7-7306-40E7-AFBD-F3297FAC9A75}.Debug|ARM32.ActiveCfg = Debug|Any CPU
		{D1954CB7-7306-40E7-AFBD-F3297FAC9A75}.Debug|ARM32.Build.0 = Debug|Any CPU
		{D1954CB7-7306-40E7-AFBD-F3297FAC9A75}.Release|Any CPU.ActiveCfg = Release|Any CPU
		{D1954CB7-7306-40E7-AFBD-F3297FAC9A75}.Release|Any CPU.Build.0 = Release|Any CPU
		{D1954CB7-7306-40E7-AFBD-F3297FAC9A75}.Release|ARM32.ActiveCfg = Release|Any CPU
		{D1954CB7-7306-40E7-AFBD-F3297FAC9A75}.Release|ARM32.Build.0 = Release|Any CPU
		{D5C78028-B717-4D5A-A918-B9ADA93DA22C}.Debug|Any CPU.ActiveCfg = Debug|Any CPU
		{D5C78028-B717-4D5A-A918-B9ADA93DA22C}.Debug|Any CPU.Build.0 = Debug|Any CPU
		{D5C78028-B717-4D5A-A918-B9ADA93DA22C}.Debug|ARM32.ActiveCfg = Debug|Any CPU
		{D5C78028-B717-4D5A-A918-B9ADA93DA22C}.Debug|ARM32.Build.0 = Debug|Any CPU
		{D5C78028-B717-4D5A-A918-B9ADA93DA22C}.Release|Any CPU.ActiveCfg = Release|Any CPU
		{D5C78028-B717-4D5A-A918-B9ADA93DA22C}.Release|Any CPU.Build.0 = Release|Any CPU
		{D5C78028-B717-4D5A-A918-B9ADA93DA22C}.Release|ARM32.ActiveCfg = Release|Any CPU
		{D5C78028-B717-4D5A-A918-B9ADA93DA22C}.Release|ARM32.Build.0 = Release|Any CPU
		{029AF62E-25EB-43B6-BB5F-1260D8D67C3D}.Debug|Any CPU.ActiveCfg = Debug|Any CPU
		{029AF62E-25EB-43B6-BB5F-1260D8D67C3D}.Debug|Any CPU.Build.0 = Debug|Any CPU
		{029AF62E-25EB-43B6-BB5F-1260D8D67C3D}.Debug|ARM32.ActiveCfg = Debug|Any CPU
		{029AF62E-25EB-43B6-BB5F-1260D8D67C3D}.Debug|ARM32.Build.0 = Debug|Any CPU
		{029AF62E-25EB-43B6-BB5F-1260D8D67C3D}.Release|Any CPU.ActiveCfg = Release|Any CPU
		{029AF62E-25EB-43B6-BB5F-1260D8D67C3D}.Release|Any CPU.Build.0 = Release|Any CPU
		{029AF62E-25EB-43B6-BB5F-1260D8D67C3D}.Release|ARM32.ActiveCfg = Release|Any CPU
		{029AF62E-25EB-43B6-BB5F-1260D8D67C3D}.Release|ARM32.Build.0 = Release|Any CPU
		{1B7F3482-D28A-4186-A91D-59A4895038A8}.Debug|Any CPU.ActiveCfg = Debug|Any CPU
		{1B7F3482-D28A-4186-A91D-59A4895038A8}.Debug|Any CPU.Build.0 = Debug|Any CPU
		{1B7F3482-D28A-4186-A91D-59A4895038A8}.Debug|ARM32.ActiveCfg = Debug|Any CPU
		{1B7F3482-D28A-4186-A91D-59A4895038A8}.Debug|ARM32.Build.0 = Debug|Any CPU
		{1B7F3482-D28A-4186-A91D-59A4895038A8}.Release|Any CPU.ActiveCfg = Release|Any CPU
		{1B7F3482-D28A-4186-A91D-59A4895038A8}.Release|Any CPU.Build.0 = Release|Any CPU
		{1B7F3482-D28A-4186-A91D-59A4895038A8}.Release|ARM32.ActiveCfg = Release|Any CPU
		{1B7F3482-D28A-4186-A91D-59A4895038A8}.Release|ARM32.Build.0 = Release|Any CPU
		{F7AE53AC-565F-4AEE-9CDC-2EA516BCADDF}.Debug|Any CPU.ActiveCfg = Debug|Any CPU
		{F7AE53AC-565F-4AEE-9CDC-2EA516BCADDF}.Debug|Any CPU.Build.0 = Debug|Any CPU
		{F7AE53AC-565F-4AEE-9CDC-2EA516BCADDF}.Debug|ARM32.ActiveCfg = Debug|Any CPU
		{F7AE53AC-565F-4AEE-9CDC-2EA516BCADDF}.Debug|ARM32.Build.0 = Debug|Any CPU
		{F7AE53AC-565F-4AEE-9CDC-2EA516BCADDF}.Release|Any CPU.ActiveCfg = Release|Any CPU
		{F7AE53AC-565F-4AEE-9CDC-2EA516BCADDF}.Release|Any CPU.Build.0 = Release|Any CPU
		{F7AE53AC-565F-4AEE-9CDC-2EA516BCADDF}.Release|ARM32.ActiveCfg = Release|Any CPU
		{F7AE53AC-565F-4AEE-9CDC-2EA516BCADDF}.Release|ARM32.Build.0 = Release|Any CPU
		{4A6BB14A-7751-4095-B493-B23F0440E3E9}.Debug|Any CPU.ActiveCfg = Debug|Any CPU
		{4A6BB14A-7751-4095-B493-B23F0440E3E9}.Debug|Any CPU.Build.0 = Debug|Any CPU
		{4A6BB14A-7751-4095-B493-B23F0440E3E9}.Debug|ARM32.ActiveCfg = Debug|Any CPU
		{4A6BB14A-7751-4095-B493-B23F0440E3E9}.Debug|ARM32.Build.0 = Debug|Any CPU
		{4A6BB14A-7751-4095-B493-B23F0440E3E9}.Release|Any CPU.ActiveCfg = Release|Any CPU
		{4A6BB14A-7751-4095-B493-B23F0440E3E9}.Release|Any CPU.Build.0 = Release|Any CPU
		{4A6BB14A-7751-4095-B493-B23F0440E3E9}.Release|ARM32.ActiveCfg = Release|Any CPU
		{4A6BB14A-7751-4095-B493-B23F0440E3E9}.Release|ARM32.Build.0 = Release|Any CPU
		{B3AA7876-0166-4AF4-9BA0-21BB04B668DA}.Debug|Any CPU.ActiveCfg = Debug|Any CPU
		{B3AA7876-0166-4AF4-9BA0-21BB04B668DA}.Debug|Any CPU.Build.0 = Debug|Any CPU
		{B3AA7876-0166-4AF4-9BA0-21BB04B668DA}.Debug|ARM32.ActiveCfg = Debug|Any CPU
		{B3AA7876-0166-4AF4-9BA0-21BB04B668DA}.Debug|ARM32.Build.0 = Debug|Any CPU
		{B3AA7876-0166-4AF4-9BA0-21BB04B668DA}.Release|Any CPU.ActiveCfg = Release|Any CPU
		{B3AA7876-0166-4AF4-9BA0-21BB04B668DA}.Release|Any CPU.Build.0 = Release|Any CPU
		{B3AA7876-0166-4AF4-9BA0-21BB04B668DA}.Release|ARM32.ActiveCfg = Release|Any CPU
		{B3AA7876-0166-4AF4-9BA0-21BB04B668DA}.Release|ARM32.Build.0 = Release|Any CPU
		{A0E29F76-CEC0-4791-A2EB-38F4C0CAE113}.Debug|Any CPU.ActiveCfg = Debug|Any CPU
		{A0E29F76-CEC0-4791-A2EB-38F4C0CAE113}.Debug|Any CPU.Build.0 = Debug|Any CPU
		{A0E29F76-CEC0-4791-A2EB-38F4C0CAE113}.Debug|ARM32.ActiveCfg = Debug|Any CPU
		{A0E29F76-CEC0-4791-A2EB-38F4C0CAE113}.Debug|ARM32.Build.0 = Debug|Any CPU
		{A0E29F76-CEC0-4791-A2EB-38F4C0CAE113}.Release|Any CPU.ActiveCfg = Release|Any CPU
		{A0E29F76-CEC0-4791-A2EB-38F4C0CAE113}.Release|Any CPU.Build.0 = Release|Any CPU
		{A0E29F76-CEC0-4791-A2EB-38F4C0CAE113}.Release|ARM32.ActiveCfg = Release|Any CPU
		{A0E29F76-CEC0-4791-A2EB-38F4C0CAE113}.Release|ARM32.Build.0 = Release|Any CPU
		{2264678A-DDCB-4985-92CD-4C37F69BB679}.Debug|Any CPU.ActiveCfg = Debug|Any CPU
		{2264678A-DDCB-4985-92CD-4C37F69BB679}.Debug|Any CPU.Build.0 = Debug|Any CPU
		{2264678A-DDCB-4985-92CD-4C37F69BB679}.Debug|ARM32.ActiveCfg = Debug|Any CPU
		{2264678A-DDCB-4985-92CD-4C37F69BB679}.Debug|ARM32.Build.0 = Debug|Any CPU
		{2264678A-DDCB-4985-92CD-4C37F69BB679}.Release|Any CPU.ActiveCfg = Release|Any CPU
		{2264678A-DDCB-4985-92CD-4C37F69BB679}.Release|Any CPU.Build.0 = Release|Any CPU
		{2264678A-DDCB-4985-92CD-4C37F69BB679}.Release|ARM32.ActiveCfg = Release|Any CPU
		{2264678A-DDCB-4985-92CD-4C37F69BB679}.Release|ARM32.Build.0 = Release|Any CPU
	EndGlobalSection
	GlobalSection(SolutionProperties) = preSolution
		HideSolutionNode = FALSE
	EndGlobalSection
	GlobalSection(NestedProjects) = preSolution
		{EBF48B39-C520-4E2F-BB26-4E2AE97413D8} = {2B2057F1-C69A-4E1D-989B-4525476C75BC}
		{F2E35B3C-479B-400C-9843-62C09CFB8F63} = {2B2057F1-C69A-4E1D-989B-4525476C75BC}
		{73BB940C-A011-42B3-8028-251ECDC2C99F} = {2B2057F1-C69A-4E1D-989B-4525476C75BC}
		{171E11A3-D7E8-4AC7-B6E9-57ABE3824D03} = {2B2057F1-C69A-4E1D-989B-4525476C75BC}
		{2D6B3335-3724-4B85-8BB3-E872644D5A0F} = {2B2057F1-C69A-4E1D-989B-4525476C75BC}
		{D1954CB7-7306-40E7-AFBD-F3297FAC9A75} = {2B2057F1-C69A-4E1D-989B-4525476C75BC}
		{D5C78028-B717-4D5A-A918-B9ADA93DA22C} = {2B2057F1-C69A-4E1D-989B-4525476C75BC}
		{029AF62E-25EB-43B6-BB5F-1260D8D67C3D} = {35C37D9C-724D-4E83-868A-8FEA22030349}
		{1B7F3482-D28A-4186-A91D-59A4895038A8} = {BCC861E5-A628-4E62-A5FD-ACDF0FB5510A}
		{F7AE53AC-565F-4AEE-9CDC-2EA516BCADDF} = {BCC861E5-A628-4E62-A5FD-ACDF0FB5510A}
		{4A6BB14A-7751-4095-B493-B23F0440E3E9} = {BCC861E5-A628-4E62-A5FD-ACDF0FB5510A}
		{B3AA7876-0166-4AF4-9BA0-21BB04B668DA} = {BCC861E5-A628-4E62-A5FD-ACDF0FB5510A}
		{A0E29F76-CEC0-4791-A2EB-38F4C0CAE113} = {BCC861E5-A628-4E62-A5FD-ACDF0FB5510A}
		{2264678A-DDCB-4985-92CD-4C37F69BB679} = {2B2057F1-C69A-4E1D-989B-4525476C75BC}
	EndGlobalSection
	GlobalSection(ExtensibilityGlobals) = postSolution
		SolutionGuid = {17274BF8-2414-432B-8CB2-641D15C801CA}
	EndGlobalSection
EndGlobal
