
Microsoft Visual Studio Solution File, Format Version 12.00
# Visual Studio Version 17
VisualStudioVersion = 17.0.31912.275
MinimumVisualStudioVersion = 10.0.40219.1
Project("{2150E333-8FDC-42A3-9474-1A3956D46DE8}") = "src", "src", "{2B2057F1-C69A-4E1D-989B-4525476C75BC}"
EndProject
Project("{2150E333-8FDC-42A3-9474-1A3956D46DE8}") = "test", "test", "{35C37D9C-724D-4E83-868A-8FEA22030349}"
EndProject
Project("{2150E333-8FDC-42A3-9474-1A3956D46DE8}") = "corex", "corex", "{B48201B0-49AA-4ECF-8EC1-1830AA474539}"
EndProject
Project("{9A19103F-16F7-4668-BE54-9A1E7A4F7556}") = "Application", "src\Application\Application.csproj", "{EBF48B39-C520-4E2F-BB26-4E2AE97413D8}"
EndProject
Project("{9A19103F-16F7-4668-BE54-9A1E7A4F7556}") = "Contract", "src\Contract\Contract.csproj", "{F2E35B3C-479B-400C-9843-62C09CFB8F63}"
EndProject
Project("{9A19103F-16F7-4668-BE54-9A1E7A4F7556}") = "Domain", "src\Domain\Domain.csproj", "{73BB940C-A011-42B3-8028-251ECDC2C99F}"
EndProject
Project("{9A19103F-16F7-4668-BE54-9A1E7A4F7556}") = "Persistence.EFCore", "src\Persistence\EFCore\Persistence.EFCore.csproj", "{171E11A3-D7E8-4AC7-B6E9-57ABE3824D03}"
EndProject
Project("{9A19103F-16F7-4668-BE54-9A1E7A4F7556}") = "CoreX.Domain", "..\..\..\corex\corex-domain\CoreX.Domain.csproj", "{6C48C69E-3B24-4DCD-B51F-5DBE611E6EF1}"
EndProject
Project("{9A19103F-16F7-4668-BE54-9A1E7A4F7556}") = "CoreX.Base", "..\..\..\corex\corex-base\CoreX.Base.csproj", "{DD70AB8E-03F4-42C6-A9BC-968F5CC59ECD}"
EndProject
Project("{9A19103F-16F7-4668-BE54-9A1E7A4F7556}") = "CoreX", "..\..\..\corex\corex\CoreX.csproj", "{F9E463E1-0BD0-4824-A0B9-68CB5FBB4241}"
EndProject
Project("{9A19103F-16F7-4668-BE54-9A1E7A4F7556}") = "AcceptanceTest", "test\AcceptanceTest\AcceptanceTest.csproj", "{BFD8AF45-6E71-45A5-B450-B52CFB6A4926}"
EndProject
Project("{9A19103F-16F7-4668-BE54-9A1E7A4F7556}") = "MassTransit.CoreX", "..\..\..\corex\masstransit-corex\MassTransit.CoreX.csproj", "{7F0B5FC0-7C44-4DE0-A302-E25F840DEAB7}"
EndProject
Project("{9A19103F-16F7-4668-BE54-9A1E7A4F7556}") = "CoreX.Settings", "..\..\..\corex\corex-settings\CoreX.Settings.csproj", "{3C21AFCF-D560-4D04-9E2D-DC73BAD86E47}"
EndProject
Project("{9A19103F-16F7-4668-BE54-9A1E7A4F7556}") = "CoreX.TestingFacilities", "..\..\..\corex\corex-testingfacilities\CoreX.TestingFacilities.csproj", "{E34DB936-8F49-4817-AD9A-5A3C446EFA84}"
EndProject
Project("{9A19103F-16F7-4668-BE54-9A1E7A4F7556}") = "CoreX.Datastore", "..\..\..\corex\corex-datastore\CoreX.Datastore.csproj", "{44B86E64-1CBE-44F7-9668-9DD7B3227EBF}"
EndProject
Project("{9A19103F-16F7-4668-BE54-9A1E7A4F7556}") = "EntityFrameworkCore.CoreX.Datastore", "..\..\..\corex\entityframeworkcore-corex-datastore\EntityFrameworkCore.CoreX.Datastore.csproj", "{569E27A6-5BF0-4076-9649-4B5A6124C01E}"
EndProject
Project("{9A19103F-16F7-4668-BE54-9A1E7A4F7556}") = "MongoDB.CoreX.Datastore", "..\..\..\corex\mongodb-corex-datastore\MongoDB.CoreX.Datastore.csproj", "{3302CAE8-B6F3-409F-8828-BDAAC35941C4}"
EndProject
Project("{9A19103F-16F7-4668-BE54-9A1E7A4F7556}") = "Presentation.WebAPI", "src\Presentation\WebAPI\Presentation.WebAPI.csproj", "{2D6B3335-3724-4B85-8BB3-E872644D5A0F}"
EndProject
Project("{9A19103F-16F7-4668-BE54-9A1E7A4F7556}") = "Presentation.Configuration", "src\Presentation\Configuration\Presentation.Configuration.csproj", "{D1954CB7-7306-40E7-AFBD-F3297FAC9A75}"
EndProject
Project("{9A19103F-16F7-4668-BE54-9A1E7A4F7556}") = "Presentation.WebApp", "src\Presentation\WebApp\Presentation.WebApp.csproj", "{6A24AF6C-9F00-4C32-A5C5-B5C549865951}"
EndProject
Global
	GlobalSection(SolutionConfigurationPlatforms) = preSolution
		Debug|Any CPU = Debug|Any CPU
		Debug|ARM32 = Debug|ARM32
		Release|Any CPU = Release|Any CPU
		Release|ARM32 = Release|ARM32
	EndGlobalSection
	GlobalSection(ProjectConfigurationPlatforms) = postSolution
		{EBF48B39-C520-4E2F-BB26-4E2AE97413D8}.Debug|Any CPU.ActiveCfg = Debug|Any CPU
		{EBF48B39-C520-4E2F-BB26-4E2AE97413D8}.Debug|Any CPU.Build.0 = Debug|Any CPU
		{EBF48B39-C520-4E2F-BB26-4E2AE97413D8}.Debug|ARM32.ActiveCfg = Debug|Any CPU
		{EBF48B39-C520-4E2F-BB26-4E2AE97413D8}.Debug|ARM32.Build.0 = Debug|Any CPU
		{EBF48B39-C520-4E2F-BB26-4E2AE97413D8}.Release|Any CPU.ActiveCfg = Release|Any CPU
		{EBF48B39-C520-4E2F-BB26-4E2AE97413D8}.Release|Any CPU.Build.0 = Release|Any CPU
		{EBF48B39-C520-4E2F-BB26-4E2AE97413D8}.Release|ARM32.ActiveCfg = Release|Any CPU
		{EBF48B39-C520-4E2F-BB26-4E2AE97413D8}.Release|ARM32.Build.0 = Release|Any CPU
		{F2E35B3C-479B-400C-9843-62C09CFB8F63}.Debug|Any CPU.ActiveCfg = Debug|Any CPU
		{F2E35B3C-479B-400C-9843-62C09CFB8F63}.Debug|Any CPU.Build.0 = Debug|Any CPU
		{F2E35B3C-479B-400C-9843-62C09CFB8F63}.Debug|ARM32.ActiveCfg = Debug|Any CPU
		{F2E35B3C-479B-400C-9843-62C09CFB8F63}.Debug|ARM32.Build.0 = Debug|Any CPU
		{F2E35B3C-479B-400C-9843-62C09CFB8F63}.Release|Any CPU.ActiveCfg = Release|Any CPU
		{F2E35B3C-479B-400C-9843-62C09CFB8F63}.Release|Any CPU.Build.0 = Release|Any CPU
		{F2E35B3C-479B-400C-9843-62C09CFB8F63}.Release|ARM32.ActiveCfg = Release|Any CPU
		{F2E35B3C-479B-400C-9843-62C09CFB8F63}.Release|ARM32.Build.0 = Release|Any CPU
		{73BB940C-A011-42B3-8028-251ECDC2C99F}.Debug|Any CPU.ActiveCfg = Debug|Any CPU
		{73BB940C-A011-42B3-8028-251ECDC2C99F}.Debug|Any CPU.Build.0 = Debug|Any CPU
		{73BB940C-A011-42B3-8028-251ECDC2C99F}.Debug|ARM32.ActiveCfg = Debug|Any CPU
		{73BB940C-A011-42B3-8028-251ECDC2C99F}.Debug|ARM32.Build.0 = Debug|Any CPU
		{73BB940C-A011-42B3-8028-251ECDC2C99F}.Release|Any CPU.ActiveCfg = Release|Any CPU
		{73BB940C-A011-42B3-8028-251ECDC2C99F}.Release|Any CPU.Build.0 = Release|Any CPU
		{73BB940C-A011-42B3-8028-251ECDC2C99F}.Release|ARM32.ActiveCfg = Release|Any CPU
		{73BB940C-A011-42B3-8028-251ECDC2C99F}.Release|ARM32.Build.0 = Release|Any CPU
		{171E11A3-D7E8-4AC7-B6E9-57ABE3824D03}.Debug|Any CPU.ActiveCfg = Debug|Any CPU
		{171E11A3-D7E8-4AC7-B6E9-57ABE3824D03}.Debug|Any CPU.Build.0 = Debug|Any CPU
		{171E11A3-D7E8-4AC7-B6E9-57ABE3824D03}.Debug|ARM32.ActiveCfg = Debug|Any CPU
		{171E11A3-D7E8-4AC7-B6E9-57ABE3824D03}.Debug|ARM32.Build.0 = Debug|Any CPU
		{171E11A3-D7E8-4AC7-B6E9-57ABE3824D03}.Release|Any CPU.ActiveCfg = Release|Any CPU
		{171E11A3-D7E8-4AC7-B6E9-57ABE3824D03}.Release|Any CPU.Build.0 = Release|Any CPU
		{171E11A3-D7E8-4AC7-B6E9-57ABE3824D03}.Release|ARM32.ActiveCfg = Release|Any CPU
		{171E11A3-D7E8-4AC7-B6E9-57ABE3824D03}.Release|ARM32.Build.0 = Release|Any CPU
		{6C48C69E-3B24-4DCD-B51F-5DBE611E6EF1}.Debug|Any CPU.ActiveCfg = Debug|Any CPU
		{6C48C69E-3B24-4DCD-B51F-5DBE611E6EF1}.Debug|Any CPU.Build.0 = Debug|Any CPU
		{6C48C69E-3B24-4DCD-B51F-5DBE611E6EF1}.Debug|ARM32.ActiveCfg = Debug|Any CPU
		{6C48C69E-3B24-4DCD-B51F-5DBE611E6EF1}.Debug|ARM32.Build.0 = Debug|Any CPU
		{6C48C69E-3B24-4DCD-B51F-5DBE611E6EF1}.Release|Any CPU.ActiveCfg = Release|Any CPU
		{6C48C69E-3B24-4DCD-B51F-5DBE611E6EF1}.Release|Any CPU.Build.0 = Release|Any CPU
		{6C48C69E-3B24-4DCD-B51F-5DBE611E6EF1}.Release|ARM32.ActiveCfg = Release|Any CPU
		{6C48C69E-3B24-4DCD-B51F-5DBE611E6EF1}.Release|ARM32.Build.0 = Release|Any CPU
		{DD70AB8E-03F4-42C6-A9BC-968F5CC59ECD}.Debug|Any CPU.ActiveCfg = Debug|Any CPU
		{DD70AB8E-03F4-42C6-A9BC-968F5CC59ECD}.Debug|Any CPU.Build.0 = Debug|Any CPU
		{DD70AB8E-03F4-42C6-A9BC-968F5CC59ECD}.Debug|ARM32.ActiveCfg = Debug|Any CPU
		{DD70AB8E-03F4-42C6-A9BC-968F5CC59ECD}.Debug|ARM32.Build.0 = Debug|Any CPU
		{DD70AB8E-03F4-42C6-A9BC-968F5CC59ECD}.Release|Any CPU.ActiveCfg = Release|Any CPU
		{DD70AB8E-03F4-42C6-A9BC-968F5CC59ECD}.Release|Any CPU.Build.0 = Release|Any CPU
		{DD70AB8E-03F4-42C6-A9BC-968F5CC59ECD}.Release|ARM32.ActiveCfg = Release|Any CPU
		{DD70AB8E-03F4-42C6-A9BC-968F5CC59ECD}.Release|ARM32.Build.0 = Release|Any CPU
		{F9E463E1-0BD0-4824-A0B9-68CB5FBB4241}.Debug|Any CPU.ActiveCfg = Debug|Any CPU
		{F9E463E1-0BD0-4824-A0B9-68CB5FBB4241}.Debug|Any CPU.Build.0 = Debug|Any CPU
		{F9E463E1-0BD0-4824-A0B9-68CB5FBB4241}.Debug|ARM32.ActiveCfg = Debug|Any CPU
		{F9E463E1-0BD0-4824-A0B9-68CB5FBB4241}.Debug|ARM32.Build.0 = Debug|Any CPU
		{F9E463E1-0BD0-4824-A0B9-68CB5FBB4241}.Release|Any CPU.ActiveCfg = Release|Any CPU
		{F9E463E1-0BD0-4824-A0B9-68CB5FBB4241}.Release|Any CPU.Build.0 = Release|Any CPU
		{F9E463E1-0BD0-4824-A0B9-68CB5FBB4241}.Release|ARM32.ActiveCfg = Release|Any CPU
		{F9E463E1-0BD0-4824-A0B9-68CB5FBB4241}.Release|ARM32.Build.0 = Release|Any CPU
		{BFD8AF45-6E71-45A5-B450-B52CFB6A4926}.Debug|Any CPU.ActiveCfg = Debug|Any CPU
		{BFD8AF45-6E71-45A5-B450-B52CFB6A4926}.Debug|Any CPU.Build.0 = Debug|Any CPU
		{BFD8AF45-6E71-45A5-B450-B52CFB6A4926}.Debug|ARM32.ActiveCfg = Debug|Any CPU
		{BFD8AF45-6E71-45A5-B450-B52CFB6A4926}.Debug|ARM32.Build.0 = Debug|Any CPU
		{BFD8AF45-6E71-45A5-B450-B52CFB6A4926}.Release|Any CPU.ActiveCfg = Release|Any CPU
		{BFD8AF45-6E71-45A5-B450-B52CFB6A4926}.Release|Any CPU.Build.0 = Release|Any CPU
		{BFD8AF45-6E71-45A5-B450-B52CFB6A4926}.Release|ARM32.ActiveCfg = Release|Any CPU
		{BFD8AF45-6E71-45A5-B450-B52CFB6A4926}.Release|ARM32.Build.0 = Release|Any CPU
		{7F0B5FC0-7C44-4DE0-A302-E25F840DEAB7}.Debug|Any CPU.ActiveCfg = Debug|Any CPU
		{7F0B5FC0-7C44-4DE0-A302-E25F840DEAB7}.Debug|Any CPU.Build.0 = Debug|Any CPU
		{7F0B5FC0-7C44-4DE0-A302-E25F840DEAB7}.Debug|ARM32.ActiveCfg = Debug|Any CPU
		{7F0B5FC0-7C44-4DE0-A302-E25F840DEAB7}.Debug|ARM32.Build.0 = Debug|Any CPU
		{7F0B5FC0-7C44-4DE0-A302-E25F840DEAB7}.Release|Any CPU.ActiveCfg = Release|Any CPU
		{7F0B5FC0-7C44-4DE0-A302-E25F840DEAB7}.Release|Any CPU.Build.0 = Release|Any CPU
		{7F0B5FC0-7C44-4DE0-A302-E25F840DEAB7}.Release|ARM32.ActiveCfg = Release|Any CPU
		{7F0B5FC0-7C44-4DE0-A302-E25F840DEAB7}.Release|ARM32.Build.0 = Release|Any CPU
		{3C21AFCF-D560-4D04-9E2D-DC73BAD86E47}.Debug|Any CPU.ActiveCfg = Debug|Any CPU
		{3C21AFCF-D560-4D04-9E2D-DC73BAD86E47}.Debug|Any CPU.Build.0 = Debug|Any CPU
		{3C21AFCF-D560-4D04-9E2D-DC73BAD86E47}.Debug|ARM32.ActiveCfg = Debug|Any CPU
		{3C21AFCF-D560-4D04-9E2D-DC73BAD86E47}.Debug|ARM32.Build.0 = Debug|Any CPU
		{3C21AFCF-D560-4D04-9E2D-DC73BAD86E47}.Release|Any CPU.ActiveCfg = Release|Any CPU
		{3C21AFCF-D560-4D04-9E2D-DC73BAD86E47}.Release|Any CPU.Build.0 = Release|Any CPU
		{3C21AFCF-D560-4D04-9E2D-DC73BAD86E47}.Release|ARM32.ActiveCfg = Release|Any CPU
		{3C21AFCF-D560-4D04-9E2D-DC73BAD86E47}.Release|ARM32.Build.0 = Release|Any CPU
		{E34DB936-8F49-4817-AD9A-5A3C446EFA84}.Debug|Any CPU.ActiveCfg = Debug|Any CPU
		{E34DB936-8F49-4817-AD9A-5A3C446EFA84}.Debug|Any CPU.Build.0 = Debug|Any CPU
		{E34DB936-8F49-4817-AD9A-5A3C446EFA84}.Debug|ARM32.ActiveCfg = Debug|Any CPU
		{E34DB936-8F49-4817-AD9A-5A3C446EFA84}.Debug|ARM32.Build.0 = Debug|Any CPU
		{E34DB936-8F49-4817-AD9A-5A3C446EFA84}.Release|Any CPU.ActiveCfg = Release|Any CPU
		{E34DB936-8F49-4817-AD9A-5A3C446EFA84}.Release|Any CPU.Build.0 = Release|Any CPU
		{E34DB936-8F49-4817-AD9A-5A3C446EFA84}.Release|ARM32.ActiveCfg = Release|Any CPU
		{E34DB936-8F49-4817-AD9A-5A3C446EFA84}.Release|ARM32.Build.0 = Release|Any CPU
		{44B86E64-1CBE-44F7-9668-9DD7B3227EBF}.Debug|Any CPU.ActiveCfg = Debug|Any CPU
		{44B86E64-1CBE-44F7-9668-9DD7B3227EBF}.Debug|Any CPU.Build.0 = Debug|Any CPU
		{44B86E64-1CBE-44F7-9668-9DD7B3227EBF}.Debug|ARM32.ActiveCfg = Debug|Any CPU
		{44B86E64-1CBE-44F7-9668-9DD7B3227EBF}.Debug|ARM32.Build.0 = Debug|Any CPU
		{44B86E64-1CBE-44F7-9668-9DD7B3227EBF}.Release|Any CPU.ActiveCfg = Release|Any CPU
		{44B86E64-1CBE-44F7-9668-9DD7B3227EBF}.Release|Any CPU.Build.0 = Release|Any CPU
		{44B86E64-1CBE-44F7-9668-9DD7B3227EBF}.Release|ARM32.ActiveCfg = Release|Any CPU
		{44B86E64-1CBE-44F7-9668-9DD7B3227EBF}.Release|ARM32.Build.0 = Release|Any CPU
		{569E27A6-5BF0-4076-9649-4B5A6124C01E}.Debug|Any CPU.ActiveCfg = Debug|Any CPU
		{569E27A6-5BF0-4076-9649-4B5A6124C01E}.Debug|Any CPU.Build.0 = Debug|Any CPU
		{569E27A6-5BF0-4076-9649-4B5A6124C01E}.Debug|ARM32.ActiveCfg = Debug|Any CPU
		{569E27A6-5BF0-4076-9649-4B5A6124C01E}.Debug|ARM32.Build.0 = Debug|Any CPU
		{569E27A6-5BF0-4076-9649-4B5A6124C01E}.Release|Any CPU.ActiveCfg = Release|Any CPU
		{569E27A6-5BF0-4076-9649-4B5A6124C01E}.Release|Any CPU.Build.0 = Release|Any CPU
		{569E27A6-5BF0-4076-9649-4B5A6124C01E}.Release|ARM32.ActiveCfg = Release|Any CPU
		{569E27A6-5BF0-4076-9649-4B5A6124C01E}.Release|ARM32.Build.0 = Release|Any CPU
		{3302CAE8-B6F3-409F-8828-BDAAC35941C4}.Debug|Any CPU.ActiveCfg = Debug|Any CPU
		{3302CAE8-B6F3-409F-8828-BDAAC35941C4}.Debug|Any CPU.Build.0 = Debug|Any CPU
		{3302CAE8-B6F3-409F-8828-BDAAC35941C4}.Debug|ARM32.ActiveCfg = Debug|Any CPU
		{3302CAE8-B6F3-409F-8828-BDAAC35941C4}.Debug|ARM32.Build.0 = Debug|Any CPU
		{3302CAE8-B6F3-409F-8828-BDAAC35941C4}.Release|Any CPU.ActiveCfg = Release|Any CPU
		{3302CAE8-B6F3-409F-8828-BDAAC35941C4}.Release|Any CPU.Build.0 = Release|Any CPU
		{3302CAE8-B6F3-409F-8828-BDAAC35941C4}.Release|ARM32.ActiveCfg = Release|Any CPU
		{3302CAE8-B6F3-409F-8828-BDAAC35941C4}.Release|ARM32.Build.0 = Release|Any CPU
		{2D6B3335-3724-4B85-8BB3-E872644D5A0F}.Debug|Any CPU.ActiveCfg = Debug|Any CPU
		{2D6B3335-3724-4B85-8BB3-E872644D5A0F}.Debug|Any CPU.Build.0 = Debug|Any CPU
		{2D6B3335-3724-4B85-8BB3-E872644D5A0F}.Debug|ARM32.ActiveCfg = Debug|Any CPU
		{2D6B3335-3724-4B85-8BB3-E872644D5A0F}.Debug|ARM32.Build.0 = Debug|Any CPU
		{2D6B3335-3724-4B85-8BB3-E872644D5A0F}.Release|Any CPU.ActiveCfg = Release|Any CPU
		{2D6B3335-3724-4B85-8BB3-E872644D5A0F}.Release|Any CPU.Build.0 = Release|Any CPU
		{2D6B3335-3724-4B85-8BB3-E872644D5A0F}.Release|ARM32.ActiveCfg = Release|Any CPU
		{2D6B3335-3724-4B85-8BB3-E872644D5A0F}.Release|ARM32.Build.0 = Release|Any CPU
		{D1954CB7-7306-40E7-AFBD-F3297FAC9A75}.Debug|Any CPU.ActiveCfg = Debug|Any CPU
		{D1954CB7-7306-40E7-AFBD-F3297FAC9A75}.Debug|Any CPU.Build.0 = Debug|Any CPU
		{D1954CB7-7306-40E7-AFBD-F3297FAC9A75}.Debug|ARM32.ActiveCfg = Debug|Any CPU
		{D1954CB7-7306-40E7-AFBD-F3297FAC9A75}.Debug|ARM32.Build.0 = Debug|Any CPU
		{D1954CB7-7306-40E7-AFBD-F3297FAC9A75}.Release|Any CPU.ActiveCfg = Release|Any CPU
		{D1954CB7-7306-40E7-AFBD-F3297FAC9A75}.Release|Any CPU.Build.0 = Release|Any CPU
		{D1954CB7-7306-40E7-AFBD-F3297FAC9A75}.Release|ARM32.ActiveCfg = Release|Any CPU
		{D1954CB7-7306-40E7-AFBD-F3297FAC9A75}.Release|ARM32.Build.0 = Release|Any CPU
		{6A24AF6C-9F00-4C32-A5C5-B5C549865951}.Debug|Any CPU.ActiveCfg = Debug|Any CPU
		{6A24AF6C-9F00-4C32-A5C5-B5C549865951}.Debug|Any CPU.Build.0 = Debug|Any CPU
		{6A24AF6C-9F00-4C32-A5C5-B5C549865951}.Debug|ARM32.ActiveCfg = Debug|Any CPU
		{6A24AF6C-9F00-4C32-A5C5-B5C549865951}.Debug|ARM32.Build.0 = Debug|Any CPU
		{6A24AF6C-9F00-4C32-A5C5-B5C549865951}.Release|Any CPU.ActiveCfg = Release|Any CPU
		{6A24AF6C-9F00-4C32-A5C5-B5C549865951}.Release|Any CPU.Build.0 = Release|Any CPU
		{6A24AF6C-9F00-4C32-A5C5-B5C549865951}.Release|ARM32.ActiveCfg = Release|Any CPU
		{6A24AF6C-9F00-4C32-A5C5-B5C549865951}.Release|ARM32.Build.0 = Release|Any CPU
	EndGlobalSection
	GlobalSection(SolutionProperties) = preSolution
		HideSolutionNode = FALSE
	EndGlobalSection
	GlobalSection(NestedProjects) = preSolution
		{EBF48B39-C520-4E2F-BB26-4E2AE97413D8} = {2B2057F1-C69A-4E1D-989B-4525476C75BC}
		{F2E35B3C-479B-400C-9843-62C09CFB8F63} = {2B2057F1-C69A-4E1D-989B-4525476C75BC}
		{73BB940C-A011-42B3-8028-251ECDC2C99F} = {2B2057F1-C69A-4E1D-989B-4525476C75BC}
		{171E11A3-D7E8-4AC7-B6E9-57ABE3824D03} = {2B2057F1-C69A-4E1D-989B-4525476C75BC}
		{6C48C69E-3B24-4DCD-B51F-5DBE611E6EF1} = {B48201B0-49AA-4ECF-8EC1-1830AA474539}
		{DD70AB8E-03F4-42C6-A9BC-968F5CC59ECD} = {B48201B0-49AA-4ECF-8EC1-1830AA474539}
		{F9E463E1-0BD0-4824-A0B9-68CB5FBB4241} = {B48201B0-49AA-4ECF-8EC1-1830AA474539}
		{BFD8AF45-6E71-45A5-B450-B52CFB6A4926} = {35C37D9C-724D-4E83-868A-8FEA22030349}
		{7F0B5FC0-7C44-4DE0-A302-E25F840DEAB7} = {B48201B0-49AA-4ECF-8EC1-1830AA474539}
		{3C21AFCF-D560-4D04-9E2D-DC73BAD86E47} = {B48201B0-49AA-4ECF-8EC1-1830AA474539}
		{E34DB936-8F49-4817-AD9A-5A3C446EFA84} = {B48201B0-49AA-4ECF-8EC1-1830AA474539}
		{44B86E64-1CBE-44F7-9668-9DD7B3227EBF} = {B48201B0-49AA-4ECF-8EC1-1830AA474539}
		{569E27A6-5BF0-4076-9649-4B5A6124C01E} = {B48201B0-49AA-4ECF-8EC1-1830AA474539}
		{3302CAE8-B6F3-409F-8828-BDAAC35941C4} = {B48201B0-49AA-4ECF-8EC1-1830AA474539}
		{2D6B3335-3724-4B85-8BB3-E872644D5A0F} = {2B2057F1-C69A-4E1D-989B-4525476C75BC}
		{D1954CB7-7306-40E7-AFBD-F3297FAC9A75} = {2B2057F1-C69A-4E1D-989B-4525476C75BC}
		{6A24AF6C-9F00-4C32-A5C5-B5C549865951} = {2B2057F1-C69A-4E1D-989B-4525476C75BC}
	EndGlobalSection
	GlobalSection(ExtensibilityGlobals) = postSolution
		SolutionGuid = {17274BF8-2414-432B-8CB2-641D15C801CA}
	EndGlobalSection
EndGlobal
