
Microsoft Visual Studio Solution File, Format Version 12.00
# Visual Studio Version 17
VisualStudioVersion = 17.0.31912.275
MinimumVisualStudioVersion = 10.0.40219.1
Project("{2150E333-8FDC-42A3-9474-1A3956D46DE8}") = "src", "src", "{2B2057F1-C69A-4E1D-989B-4525476C75BC}"
EndProject
Project("{2150E333-8FDC-42A3-9474-1A3956D46DE8}") = "test", "test", "{35C37D9C-724D-4E83-868A-8FEA22030349}"
EndProject
Project("{9A19103F-16F7-4668-BE54-9A1E7A4F7556}") = "Application", "src\Application\Application.csproj", "{EBF48B39-C520-4E2F-BB26-4E2AE97413D8}"
EndProject
Project("{9A19103F-16F7-4668-BE54-9A1E7A4F7556}") = "Contract", "src\Contract\Contract.csproj", "{F2E35B3C-479B-400C-9843-62C09CFB8F63}"
EndProject
Project("{9A19103F-16F7-4668-BE54-9A1E7A4F7556}") = "Domain", "src\Domain\Domain.csproj", "{73BB940C-A011-42B3-8028-251ECDC2C99F}"
EndProject
Project("{9A19103F-16F7-4668-BE54-9A1E7A4F7556}") = "Persistence.EFCore", "src\Persistence\EFCore\Persistence.EFCore.csproj", "{171E11A3-D7E8-4AC7-B6E9-57ABE3824D03}"
EndProject
Project("{9A19103F-16F7-4668-BE54-9A1E7A4F7556}") = "AcceptanceTest", "test\AcceptanceTest\AcceptanceTest.csproj", "{BFD8AF45-6E71-45A5-B450-B52CFB6A4926}"
EndProject
Project("{9A19103F-16F7-4668-BE54-9A1E7A4F7556}") = "Presentation.WebAPI", "src\Presentation\WebAPI\Presentation.WebAPI.csproj", "{2D6B3335-3724-4B85-8BB3-E872644D5A0F}"
EndProject
Project("{9A19103F-16F7-4668-BE54-9A1E7A4F7556}") = "Presentation.Configuration", "src\Presentation\Configuration\Presentation.Configuration.csproj", "{D1954CB7-7306-40E7-AFBD-F3297FAC9A75}"
EndProject
Project("{2150E333-8FDC-42A3-9474-1A3956D46DE8}") = "Core", "Core", "{58130B81-4F7C-4A71-AA46-C6161DA18EAF}"
EndProject
Project("{9A19103F-16F7-4668-BE54-9A1E7A4F7556}") = "CoreX.Base", "..\..\..\corex\corex-base\CoreX.Base.csproj", "{46908819-94CE-457C-931D-A795F2D8D6CF}"
EndProject
Project("{9A19103F-16F7-4668-BE54-9A1E7A4F7556}") = "CoreX.Datastore", "..\..\..\corex\corex-datastore\CoreX.Datastore.csproj", "{359E4FB4-A243-4ECF-90E3-454B56B30889}"
EndProject
Project("{9A19103F-16F7-4668-BE54-9A1E7A4F7556}") = "CoreX.Domain", "..\..\..\corex\corex-domain\CoreX.Domain.csproj", "{512C55DB-7ED9-454A-89A9-903C7832912B}"
EndProject
Project("{9A19103F-16F7-4668-BE54-9A1E7A4F7556}") = "CoreX.Settings", "..\..\..\corex\corex-settings\CoreX.Settings.csproj", "{2D979A92-C36A-4C5C-B408-B3D813807321}"
EndProject
Project("{9A19103F-16F7-4668-BE54-9A1E7A4F7556}") = "CoreX.TestingFacilities", "..\..\..\corex\corex-testingfacilities\CoreX.TestingFacilities.csproj", "{1363A688-68FC-44AE-8A1C-8A418F3AFD0B}"
EndProject
Project("{9A19103F-16F7-4668-BE54-9A1E7A4F7556}") = "EntityFrameworkCore.CoreX.Datastore", "..\..\..\corex\entityframeworkcore-corex-datastore\EntityFrameworkCore.CoreX.Datastore.csproj", "{A2B84F02-71DF-4A02-A76E-0F001D39EA4B}"
EndProject
Project("{9A19103F-16F7-4668-BE54-9A1E7A4F7556}") = "MassTransit.CoreX", "..\..\..\corex\masstransit-corex\MassTransit.CoreX.csproj", "{29597CD7-72AF-4B52-8318-7271D9D5E2DB}"
EndProject
Project("{9A19103F-16F7-4668-BE54-9A1E7A4F7556}") = "MongoDB.CoreX.Datastore", "..\..\..\corex\mongodb-corex-datastore\MongoDB.CoreX.Datastore.csproj", "{4970688B-1F3A-4E90-B871-E80DD7776054}"
EndProject
Project("{9A19103F-16F7-4668-BE54-9A1E7A4F7556}") = "Presentation.WebMVCApp", "src\Presentation\WebMVCApp\Presentation.WebMVCApp.csproj", "{D5C78028-B717-4D5A-A918-B9ADA93DA22C}"
EndProject
Project("{9A19103F-16F7-4668-BE54-9A1E7A4F7556}") = "CoreX", "..\..\..\corex\corex\CoreX.csproj", "{88B789EC-DE0D-4899-BD21-8C1B34800A0D}"
EndProject
Project("{9A19103F-16F7-4668-BE54-9A1E7A4F7556}") = "CoreX.Mvc", "..\..\..\corex\corex-mvc\CoreX.Mvc.csproj", "{8ABDE28E-DE1C-4830-AF75-ED3E5F6AC3C9}"
EndProject
Global
	GlobalSection(SolutionConfigurationPlatforms) = preSolution
		Debug|Any CPU = Debug|Any CPU
		Debug|ARM32 = Debug|ARM32
		Release|Any CPU = Release|Any CPU
		Release|ARM32 = Release|ARM32
	EndGlobalSection
	GlobalSection(ProjectConfigurationPlatforms) = postSolution
		{EBF48B39-C520-4E2F-BB26-4E2AE97413D8}.Debug|Any CPU.ActiveCfg = Debug|Any CPU
		{EBF48B39-C520-4E2F-BB26-4E2AE97413D8}.Debug|Any CPU.Build.0 = Debug|Any CPU
		{EBF48B39-C520-4E2F-BB26-4E2AE97413D8}.Debug|ARM32.ActiveCfg = Debug|Any CPU
		{EBF48B39-C520-4E2F-BB26-4E2AE97413D8}.Debug|ARM32.Build.0 = Debug|Any CPU
		{EBF48B39-C520-4E2F-BB26-4E2AE97413D8}.Release|Any CPU.ActiveCfg = Release|Any CPU
		{EBF48B39-C520-4E2F-BB26-4E2AE97413D8}.Release|Any CPU.Build.0 = Release|Any CPU
		{EBF48B39-C520-4E2F-BB26-4E2AE97413D8}.Release|ARM32.ActiveCfg = Release|Any CPU
		{EBF48B39-C520-4E2F-BB26-4E2AE97413D8}.Release|ARM32.Build.0 = Release|Any CPU
		{F2E35B3C-479B-400C-9843-62C09CFB8F63}.Debug|Any CPU.ActiveCfg = Debug|Any CPU
		{F2E35B3C-479B-400C-9843-62C09CFB8F63}.Debug|Any CPU.Build.0 = Debug|Any CPU
		{F2E35B3C-479B-400C-9843-62C09CFB8F63}.Debug|ARM32.ActiveCfg = Debug|Any CPU
		{F2E35B3C-479B-400C-9843-62C09CFB8F63}.Debug|ARM32.Build.0 = Debug|Any CPU
		{F2E35B3C-479B-400C-9843-62C09CFB8F63}.Release|Any CPU.ActiveCfg = Release|Any CPU
		{F2E35B3C-479B-400C-9843-62C09CFB8F63}.Release|Any CPU.Build.0 = Release|Any CPU
		{F2E35B3C-479B-400C-9843-62C09CFB8F63}.Release|ARM32.ActiveCfg = Release|Any CPU
		{F2E35B3C-479B-400C-9843-62C09CFB8F63}.Release|ARM32.Build.0 = Release|Any CPU
		{73BB940C-A011-42B3-8028-251ECDC2C99F}.Debug|Any CPU.ActiveCfg = Debug|Any CPU
		{73BB940C-A011-42B3-8028-251ECDC2C99F}.Debug|Any CPU.Build.0 = Debug|Any CPU
		{73BB940C-A011-42B3-8028-251ECDC2C99F}.Debug|ARM32.ActiveCfg = Debug|Any CPU
		{73BB940C-A011-42B3-8028-251ECDC2C99F}.Debug|ARM32.Build.0 = Debug|Any CPU
		{73BB940C-A011-42B3-8028-251ECDC2C99F}.Release|Any CPU.ActiveCfg = Release|Any CPU
		{73BB940C-A011-42B3-8028-251ECDC2C99F}.Release|Any CPU.Build.0 = Release|Any CPU
		{73BB940C-A011-42B3-8028-251ECDC2C99F}.Release|ARM32.ActiveCfg = Release|Any CPU
		{73BB940C-A011-42B3-8028-251ECDC2C99F}.Release|ARM32.Build.0 = Release|Any CPU
		{171E11A3-D7E8-4AC7-B6E9-57ABE3824D03}.Debug|Any CPU.ActiveCfg = Debug|Any CPU
		{171E11A3-D7E8-4AC7-B6E9-57ABE3824D03}.Debug|Any CPU.Build.0 = Debug|Any CPU
		{171E11A3-D7E8-4AC7-B6E9-57ABE3824D03}.Debug|ARM32.ActiveCfg = Debug|Any CPU
		{171E11A3-D7E8-4AC7-B6E9-57ABE3824D03}.Debug|ARM32.Build.0 = Debug|Any CPU
		{171E11A3-D7E8-4AC7-B6E9-57ABE3824D03}.Release|Any CPU.ActiveCfg = Release|Any CPU
		{171E11A3-D7E8-4AC7-B6E9-57ABE3824D03}.Release|Any CPU.Build.0 = Release|Any CPU
		{171E11A3-D7E8-4AC7-B6E9-57ABE3824D03}.Release|ARM32.ActiveCfg = Release|Any CPU
		{171E11A3-D7E8-4AC7-B6E9-57ABE3824D03}.Release|ARM32.Build.0 = Release|Any CPU
		{BFD8AF45-6E71-45A5-B450-B52CFB6A4926}.Debug|Any CPU.ActiveCfg = Debug|Any CPU
		{BFD8AF45-6E71-45A5-B450-B52CFB6A4926}.Debug|Any CPU.Build.0 = Debug|Any CPU
		{BFD8AF45-6E71-45A5-B450-B52CFB6A4926}.Debug|ARM32.ActiveCfg = Debug|Any CPU
		{BFD8AF45-6E71-45A5-B450-B52CFB6A4926}.Debug|ARM32.Build.0 = Debug|Any CPU
		{BFD8AF45-6E71-45A5-B450-B52CFB6A4926}.Release|Any CPU.ActiveCfg = Release|Any CPU
		{BFD8AF45-6E71-45A5-B450-B52CFB6A4926}.Release|Any CPU.Build.0 = Release|Any CPU
		{BFD8AF45-6E71-45A5-B450-B52CFB6A4926}.Release|ARM32.ActiveCfg = Release|Any CPU
		{BFD8AF45-6E71-45A5-B450-B52CFB6A4926}.Release|ARM32.Build.0 = Release|Any CPU
		{2D6B3335-3724-4B85-8BB3-E872644D5A0F}.Debug|Any CPU.ActiveCfg = Debug|Any CPU
		{2D6B3335-3724-4B85-8BB3-E872644D5A0F}.Debug|Any CPU.Build.0 = Debug|Any CPU
		{2D6B3335-3724-4B85-8BB3-E872644D5A0F}.Debug|ARM32.ActiveCfg = Debug|Any CPU
		{2D6B3335-3724-4B85-8BB3-E872644D5A0F}.Debug|ARM32.Build.0 = Debug|Any CPU
		{2D6B3335-3724-4B85-8BB3-E872644D5A0F}.Release|Any CPU.ActiveCfg = Release|Any CPU
		{2D6B3335-3724-4B85-8BB3-E872644D5A0F}.Release|Any CPU.Build.0 = Release|Any CPU
		{2D6B3335-3724-4B85-8BB3-E872644D5A0F}.Release|ARM32.ActiveCfg = Release|Any CPU
		{2D6B3335-3724-4B85-8BB3-E872644D5A0F}.Release|ARM32.Build.0 = Release|Any CPU
		{D1954CB7-7306-40E7-AFBD-F3297FAC9A75}.Debug|Any CPU.ActiveCfg = Debug|Any CPU
		{D1954CB7-7306-40E7-AFBD-F3297FAC9A75}.Debug|Any CPU.Build.0 = Debug|Any CPU
		{D1954CB7-7306-40E7-AFBD-F3297FAC9A75}.Debug|ARM32.ActiveCfg = Debug|Any CPU
		{D1954CB7-7306-40E7-AFBD-F3297FAC9A75}.Debug|ARM32.Build.0 = Debug|Any CPU
		{D1954CB7-7306-40E7-AFBD-F3297FAC9A75}.Release|Any CPU.ActiveCfg = Release|Any CPU
		{D1954CB7-7306-40E7-AFBD-F3297FAC9A75}.Release|Any CPU.Build.0 = Release|Any CPU
		{D1954CB7-7306-40E7-AFBD-F3297FAC9A75}.Release|ARM32.ActiveCfg = Release|Any CPU
		{D1954CB7-7306-40E7-AFBD-F3297FAC9A75}.Release|ARM32.Build.0 = Release|Any CPU
		{46908819-94CE-457C-931D-A795F2D8D6CF}.Debug|Any CPU.ActiveCfg = Debug|Any CPU
		{46908819-94CE-457C-931D-A795F2D8D6CF}.Debug|Any CPU.Build.0 = Debug|Any CPU
		{46908819-94CE-457C-931D-A795F2D8D6CF}.Debug|ARM32.ActiveCfg = Debug|Any CPU
		{46908819-94CE-457C-931D-A795F2D8D6CF}.Debug|ARM32.Build.0 = Debug|Any CPU
		{46908819-94CE-457C-931D-A795F2D8D6CF}.Release|Any CPU.ActiveCfg = Release|Any CPU
		{46908819-94CE-457C-931D-A795F2D8D6CF}.Release|Any CPU.Build.0 = Release|Any CPU
		{46908819-94CE-457C-931D-A795F2D8D6CF}.Release|ARM32.ActiveCfg = Release|Any CPU
		{46908819-94CE-457C-931D-A795F2D8D6CF}.Release|ARM32.Build.0 = Release|Any CPU
		{359E4FB4-A243-4ECF-90E3-454B56B30889}.Debug|Any CPU.ActiveCfg = Debug|Any CPU
		{359E4FB4-A243-4ECF-90E3-454B56B30889}.Debug|Any CPU.Build.0 = Debug|Any CPU
		{359E4FB4-A243-4ECF-90E3-454B56B30889}.Debug|ARM32.ActiveCfg = Debug|Any CPU
		{359E4FB4-A243-4ECF-90E3-454B56B30889}.Debug|ARM32.Build.0 = Debug|Any CPU
		{359E4FB4-A243-4ECF-90E3-454B56B30889}.Release|Any CPU.ActiveCfg = Release|Any CPU
		{359E4FB4-A243-4ECF-90E3-454B56B30889}.Release|Any CPU.Build.0 = Release|Any CPU
		{359E4FB4-A243-4ECF-90E3-454B56B30889}.Release|ARM32.ActiveCfg = Release|Any CPU
		{359E4FB4-A243-4ECF-90E3-454B56B30889}.Release|ARM32.Build.0 = Release|Any CPU
		{512C55DB-7ED9-454A-89A9-903C7832912B}.Debug|Any CPU.ActiveCfg = Debug|Any CPU
		{512C55DB-7ED9-454A-89A9-903C7832912B}.Debug|Any CPU.Build.0 = Debug|Any CPU
		{512C55DB-7ED9-454A-89A9-903C7832912B}.Debug|ARM32.ActiveCfg = Debug|Any CPU
		{512C55DB-7ED9-454A-89A9-903C7832912B}.Debug|ARM32.Build.0 = Debug|Any CPU
		{512C55DB-7ED9-454A-89A9-903C7832912B}.Release|Any CPU.ActiveCfg = Release|Any CPU
		{512C55DB-7ED9-454A-89A9-903C7832912B}.Release|Any CPU.Build.0 = Release|Any CPU
		{512C55DB-7ED9-454A-89A9-903C7832912B}.Release|ARM32.ActiveCfg = Release|Any CPU
		{512C55DB-7ED9-454A-89A9-903C7832912B}.Release|ARM32.Build.0 = Release|Any CPU
		{2D979A92-C36A-4C5C-B408-B3D813807321}.Debug|Any CPU.ActiveCfg = Debug|Any CPU
		{2D979A92-C36A-4C5C-B408-B3D813807321}.Debug|Any CPU.Build.0 = Debug|Any CPU
		{2D979A92-C36A-4C5C-B408-B3D813807321}.Debug|ARM32.ActiveCfg = Debug|Any CPU
		{2D979A92-C36A-4C5C-B408-B3D813807321}.Debug|ARM32.Build.0 = Debug|Any CPU
		{2D979A92-C36A-4C5C-B408-B3D813807321}.Release|Any CPU.ActiveCfg = Release|Any CPU
		{2D979A92-C36A-4C5C-B408-B3D813807321}.Release|Any CPU.Build.0 = Release|Any CPU
		{2D979A92-C36A-4C5C-B408-B3D813807321}.Release|ARM32.ActiveCfg = Release|Any CPU
		{2D979A92-C36A-4C5C-B408-B3D813807321}.Release|ARM32.Build.0 = Release|Any CPU
		{1363A688-68FC-44AE-8A1C-8A418F3AFD0B}.Debug|Any CPU.ActiveCfg = Debug|Any CPU
		{1363A688-68FC-44AE-8A1C-8A418F3AFD0B}.Debug|Any CPU.Build.0 = Debug|Any CPU
		{1363A688-68FC-44AE-8A1C-8A418F3AFD0B}.Debug|ARM32.ActiveCfg = Debug|Any CPU
		{1363A688-68FC-44AE-8A1C-8A418F3AFD0B}.Debug|ARM32.Build.0 = Debug|Any CPU
		{1363A688-68FC-44AE-8A1C-8A418F3AFD0B}.Release|Any CPU.ActiveCfg = Release|Any CPU
		{1363A688-68FC-44AE-8A1C-8A418F3AFD0B}.Release|Any CPU.Build.0 = Release|Any CPU
		{1363A688-68FC-44AE-8A1C-8A418F3AFD0B}.Release|ARM32.ActiveCfg = Release|Any CPU
		{1363A688-68FC-44AE-8A1C-8A418F3AFD0B}.Release|ARM32.Build.0 = Release|Any CPU
		{A2B84F02-71DF-4A02-A76E-0F001D39EA4B}.Debug|Any CPU.ActiveCfg = Debug|Any CPU
		{A2B84F02-71DF-4A02-A76E-0F001D39EA4B}.Debug|Any CPU.Build.0 = Debug|Any CPU
		{A2B84F02-71DF-4A02-A76E-0F001D39EA4B}.Debug|ARM32.ActiveCfg = Debug|Any CPU
		{A2B84F02-71DF-4A02-A76E-0F001D39EA4B}.Debug|ARM32.Build.0 = Debug|Any CPU
		{A2B84F02-71DF-4A02-A76E-0F001D39EA4B}.Release|Any CPU.ActiveCfg = Release|Any CPU
		{A2B84F02-71DF-4A02-A76E-0F001D39EA4B}.Release|Any CPU.Build.0 = Release|Any CPU
		{A2B84F02-71DF-4A02-A76E-0F001D39EA4B}.Release|ARM32.ActiveCfg = Release|Any CPU
		{A2B84F02-71DF-4A02-A76E-0F001D39EA4B}.Release|ARM32.Build.0 = Release|Any CPU
		{29597CD7-72AF-4B52-8318-7271D9D5E2DB}.Debug|Any CPU.ActiveCfg = Debug|Any CPU
		{29597CD7-72AF-4B52-8318-7271D9D5E2DB}.Debug|Any CPU.Build.0 = Debug|Any CPU
		{29597CD7-72AF-4B52-8318-7271D9D5E2DB}.Debug|ARM32.ActiveCfg = Debug|Any CPU
		{29597CD7-72AF-4B52-8318-7271D9D5E2DB}.Debug|ARM32.Build.0 = Debug|Any CPU
		{29597CD7-72AF-4B52-8318-7271D9D5E2DB}.Release|Any CPU.ActiveCfg = Release|Any CPU
		{29597CD7-72AF-4B52-8318-7271D9D5E2DB}.Release|Any CPU.Build.0 = Release|Any CPU
		{29597CD7-72AF-4B52-8318-7271D9D5E2DB}.Release|ARM32.ActiveCfg = Release|Any CPU
		{29597CD7-72AF-4B52-8318-7271D9D5E2DB}.Release|ARM32.Build.0 = Release|Any CPU
		{4970688B-1F3A-4E90-B871-E80DD7776054}.Debug|Any CPU.ActiveCfg = Debug|Any CPU
		{4970688B-1F3A-4E90-B871-E80DD7776054}.Debug|Any CPU.Build.0 = Debug|Any CPU
		{4970688B-1F3A-4E90-B871-E80DD7776054}.Debug|ARM32.ActiveCfg = Debug|Any CPU
		{4970688B-1F3A-4E90-B871-E80DD7776054}.Debug|ARM32.Build.0 = Debug|Any CPU
		{4970688B-1F3A-4E90-B871-E80DD7776054}.Release|Any CPU.ActiveCfg = Release|Any CPU
		{4970688B-1F3A-4E90-B871-E80DD7776054}.Release|Any CPU.Build.0 = Release|Any CPU
		{4970688B-1F3A-4E90-B871-E80DD7776054}.Release|ARM32.ActiveCfg = Release|Any CPU
		{4970688B-1F3A-4E90-B871-E80DD7776054}.Release|ARM32.Build.0 = Release|Any CPU
		{D5C78028-B717-4D5A-A918-B9ADA93DA22C}.Debug|Any CPU.ActiveCfg = Debug|Any CPU
		{D5C78028-B717-4D5A-A918-B9ADA93DA22C}.Debug|Any CPU.Build.0 = Debug|Any CPU
		{D5C78028-B717-4D5A-A918-B9ADA93DA22C}.Debug|ARM32.ActiveCfg = Debug|Any CPU
		{D5C78028-B717-4D5A-A918-B9ADA93DA22C}.Debug|ARM32.Build.0 = Debug|Any CPU
		{D5C78028-B717-4D5A-A918-B9ADA93DA22C}.Release|Any CPU.ActiveCfg = Release|Any CPU
		{D5C78028-B717-4D5A-A918-B9ADA93DA22C}.Release|Any CPU.Build.0 = Release|Any CPU
		{D5C78028-B717-4D5A-A918-B9ADA93DA22C}.Release|ARM32.ActiveCfg = Release|Any CPU
		{D5C78028-B717-4D5A-A918-B9ADA93DA22C}.Release|ARM32.Build.0 = Release|Any CPU
		{88B789EC-DE0D-4899-BD21-8C1B34800A0D}.Debug|Any CPU.ActiveCfg = Debug|Any CPU
		{88B789EC-DE0D-4899-BD21-8C1B34800A0D}.Debug|Any CPU.Build.0 = Debug|Any CPU
		{88B789EC-DE0D-4899-BD21-8C1B34800A0D}.Debug|ARM32.ActiveCfg = Debug|Any CPU
		{88B789EC-DE0D-4899-BD21-8C1B34800A0D}.Debug|ARM32.Build.0 = Debug|Any CPU
		{88B789EC-DE0D-4899-BD21-8C1B34800A0D}.Release|Any CPU.ActiveCfg = Release|Any CPU
		{88B789EC-DE0D-4899-BD21-8C1B34800A0D}.Release|Any CPU.Build.0 = Release|Any CPU
		{88B789EC-DE0D-4899-BD21-8C1B34800A0D}.Release|ARM32.ActiveCfg = Release|Any CPU
		{88B789EC-DE0D-4899-BD21-8C1B34800A0D}.Release|ARM32.Build.0 = Release|Any CPU
		{8ABDE28E-DE1C-4830-AF75-ED3E5F6AC3C9}.Debug|Any CPU.ActiveCfg = Debug|Any CPU
		{8ABDE28E-DE1C-4830-AF75-ED3E5F6AC3C9}.Debug|Any CPU.Build.0 = Debug|Any CPU
		{8ABDE28E-DE1C-4830-AF75-ED3E5F6AC3C9}.Debug|ARM32.ActiveCfg = Debug|Any CPU
		{8ABDE28E-DE1C-4830-AF75-ED3E5F6AC3C9}.Debug|ARM32.Build.0 = Debug|Any CPU
		{8ABDE28E-DE1C-4830-AF75-ED3E5F6AC3C9}.Release|Any CPU.ActiveCfg = Release|Any CPU
		{8ABDE28E-DE1C-4830-AF75-ED3E5F6AC3C9}.Release|Any CPU.Build.0 = Release|Any CPU
		{8ABDE28E-DE1C-4830-AF75-ED3E5F6AC3C9}.Release|ARM32.ActiveCfg = Release|Any CPU
		{8ABDE28E-DE1C-4830-AF75-ED3E5F6AC3C9}.Release|ARM32.Build.0 = Release|Any CPU
	EndGlobalSection
	GlobalSection(SolutionProperties) = preSolution
		HideSolutionNode = FALSE
	EndGlobalSection
	GlobalSection(NestedProjects) = preSolution
		{EBF48B39-C520-4E2F-BB26-4E2AE97413D8} = {2B2057F1-C69A-4E1D-989B-4525476C75BC}
		{F2E35B3C-479B-400C-9843-62C09CFB8F63} = {2B2057F1-C69A-4E1D-989B-4525476C75BC}
		{73BB940C-A011-42B3-8028-251ECDC2C99F} = {2B2057F1-C69A-4E1D-989B-4525476C75BC}
		{171E11A3-D7E8-4AC7-B6E9-57ABE3824D03} = {2B2057F1-C69A-4E1D-989B-4525476C75BC}
		{BFD8AF45-6E71-45A5-B450-B52CFB6A4926} = {35C37D9C-724D-4E83-868A-8FEA22030349}
		{2D6B3335-3724-4B85-8BB3-E872644D5A0F} = {2B2057F1-C69A-4E1D-989B-4525476C75BC}
		{D1954CB7-7306-40E7-AFBD-F3297FAC9A75} = {2B2057F1-C69A-4E1D-989B-4525476C75BC}
		{46908819-94CE-457C-931D-A795F2D8D6CF} = {58130B81-4F7C-4A71-AA46-C6161DA18EAF}
		{359E4FB4-A243-4ECF-90E3-454B56B30889} = {58130B81-4F7C-4A71-AA46-C6161DA18EAF}
		{512C55DB-7ED9-454A-89A9-903C7832912B} = {58130B81-4F7C-4A71-AA46-C6161DA18EAF}
		{2D979A92-C36A-4C5C-B408-B3D813807321} = {58130B81-4F7C-4A71-AA46-C6161DA18EAF}
		{1363A688-68FC-44AE-8A1C-8A418F3AFD0B} = {58130B81-4F7C-4A71-AA46-C6161DA18EAF}
		{A2B84F02-71DF-4A02-A76E-0F001D39EA4B} = {58130B81-4F7C-4A71-AA46-C6161DA18EAF}
		{29597CD7-72AF-4B52-8318-7271D9D5E2DB} = {58130B81-4F7C-4A71-AA46-C6161DA18EAF}
		{4970688B-1F3A-4E90-B871-E80DD7776054} = {58130B81-4F7C-4A71-AA46-C6161DA18EAF}
		{D5C78028-B717-4D5A-A918-B9ADA93DA22C} = {2B2057F1-C69A-4E1D-989B-4525476C75BC}
		{88B789EC-DE0D-4899-BD21-8C1B34800A0D} = {58130B81-4F7C-4A71-AA46-C6161DA18EAF}
		{8ABDE28E-DE1C-4830-AF75-ED3E5F6AC3C9} = {58130B81-4F7C-4A71-AA46-C6161DA18EAF}
	EndGlobalSection
	GlobalSection(ExtensibilityGlobals) = postSolution
		SolutionGuid = {17274BF8-2414-432B-8CB2-641D15C801CA}
	EndGlobalSection
EndGlobal
